version = 1
revision = 3
requires-python = ">=3.11"

[[package]]
name = "dictor"
version = "0.1.12"
source = { registry = "https://pypi.org/simple" }
sdist = { url = "https://files.pythonhosted.org/packages/16/69/231773c9ec028392d4b392e798e5a5dfbb1d5dc517eeb92c8f90453577d0/dictor-0.1.12.tar.gz", hash = "sha256:6db48375ae1e53dc9ed844e85b38f4e3fbfbf6a4e60beca377515ad14453b91b", size = 9963, upload-time = "2023-09-15T21:56:18.958Z" }

[[package]]
name = "global"
version = "1.0.0"
source = { editable = "." }
dependencies = [
    { name = "dictor" },
    { name = "hererocks" },
    { name = "pip" },
    { name = "pycode-similar" },
    { name = "uv-bump" },
]

[package.metadata]
requires-dist = [
    { name = "dictor", specifier = ">=0.1.12" },
    { name = "hererocks", specifier = ">=0.25.1" },
    { name = "pip", specifier = ">=26.0.1" },
    { name = "pycode-similar", specifier = ">=1.4" },
    { name = "uv-bump", specifier = ">=0.4.2" },
]

[[package]]
name = "hererocks"
version = "0.25.1"
source = { registry = "https://pypi.org/simple" }
sdist = { url = "https://files.pythonhosted.org/packages/76/a0/9a9e8312da627ac39a5a719cadaf6b7f207856f7fc1c6461f3efd4dc690c/hererocks-0.25.1.tar.gz", hash = "sha256:a88b73693cf7753cf7e4139247a81f03c71bac4cb035f5d6bfe20dcddd86d100", size = 36613, upload-time = "2022-04-07T13:10:12.395Z" }
wheels = [
    { url = "https://files.pythonhosted.org/packages/14/a8/7903eac744562b403b608c4c6fa667e34631ac0787e13e1b1a33ae956366/hererocks-0.25.1-py3-none-any.whl", hash = "sha256:43d5e9283588f83aeb703d6d9bc74249d2fa75126638699ca5fdfd1782f47909", size = 36196, upload-time = "2022-04-07T13:10:10.472Z" },
]

[[package]]
name = "pip"
version = "26.0.1"
source = { registry = "https://pypi.org/simple" }
sdist = { url = "https://files.pythonhosted.org/packages/48/83/0d7d4e9efe3344b8e2fe25d93be44f64b65364d3c8d7bc6dc90198d5422e/pip-26.0.1.tar.gz", hash = "sha256:c4037d8a277c89b320abe636d59f91e6d0922d08a05b60e85e53b296613346d8", size = 1812747, upload-time = "2026-02-05T02:20:18.702Z" }
wheels = [
    { url = "https://files.pythonhosted.org/packages/de/f0/c81e05b613866b76d2d1066490adf1a3dbc4ee9d9c839961c3fc8a6997af/pip-26.0.1-py3-none-any.whl", hash = "sha256:bdb1b08f4274833d62c1aa29e20907365a2ceb950410df15fc9521bad440122b", size = 1787723, upload-time = "2026-02-05T02:20:16.416Z" },
]

[[package]]
name = "pycode-similar"
version = "1.4"
source = { registry = "https://pypi.org/simple" }
sdist = { url = "https://files.pythonhosted.org/packages/5f/aa/406aedb4e1f9deadeee077585a5e17d3d33b4371b35832f08c31d2e6ae2a/pycode_similar-1.4.tar.gz", hash = "sha256:41c25bc9804a80c750fcbed1be6b8acc25cf88939933779d2d0f9ef47a2a99db", size = 15593, upload-time = "2020-08-08T06:37:13.444Z" }
wheels = [
    { url = "https://files.pythonhosted.org/packages/e5/1b/7c41caaa9f45decb755adce1efed6826b93ef91770a0def9c61c09c245be/pycode_similar-1.4-py2.py3-none-any.whl", hash = "sha256:d3f8cb2dc7233147af6b70a0aea009b541e1dc13e608b6e2bfba6b3c5f1e677a", size = 9982, upload-time = "2020-08-08T06:37:10.862Z" },
]

[[package]]
name = "uv-bump"
version = "0.4.2"
source = { registry = "https://pypi.org/simple" }
sdist = { url = "https://files.pythonhosted.org/packages/89/35/e195dcdecd7053b51d3ffb6ecbdb4f4e79c9dac76a48166c8fb5e27cf71b/uv_bump-0.4.2.tar.gz", hash = "sha256:46775d4e9e1c6f40842d51a3e3899c60c3bb301ec2308005043851def3677297", size = 6290, upload-time = "2026-01-29T18:37:13.384Z" }
wheels = [
    { url = "https://files.pythonhosted.org/packages/c8/f6/b4c1f584aba7096366d5fa0243a2b39e0bbede77d0eba08b24317cf87c7e/uv_bump-0.4.2-py3-none-any.whl", hash = "sha256:5255ba5a5b8e5830b2ebdf1b9f4a58b798bbff8a8cd9c19d5bd1f21a4d135445", size = 7599, upload-time = "2026-01-29T18:37:11.836Z" },
]
