version = 1
revision = 3
requires-python = ">=3.11"

[[package]]
name = "dictor"
version = "0.1.12"
source = { registry = "https://pypi.org/simple" }
sdist = { url = "https://files.pythonhosted.org/packages/16/69/231773c9ec028392d4b392e798e5a5dfbb1d5dc517eeb92c8f90453577d0/dictor-0.1.12.tar.gz", hash = "sha256:6db48375ae1e53dc9ed844e85b38f4e3fbfbf6a4e60beca377515ad14453b91b", size = 9963, upload-time = "2023-09-15T21:56:18.958Z" }

[[package]]
name = "global"
version = "1.0.0"
source = { editable = "." }
dependencies = [
    { name = "dictor" },
    { name = "hererocks" },
    { name = "pip" },
    { name = "pycode-similar" },
]

[package.metadata]
requires-dist = [
    { name = "dictor", specifier = ">=0.1.12" },
    { name = "hererocks", specifier = ">=0.25.1" },
    { name = "pip", specifier = ">=25" },
    { name = "pycode-similar", specifier = ">=1.4" },
]

[[package]]
name = "hererocks"
version = "0.25.1"
source = { registry = "https://pypi.org/simple" }
sdist = { url = "https://files.pythonhosted.org/packages/76/a0/9a9e8312da627ac39a5a719cadaf6b7f207856f7fc1c6461f3efd4dc690c/hererocks-0.25.1.tar.gz", hash = "sha256:a88b73693cf7753cf7e4139247a81f03c71bac4cb035f5d6bfe20dcddd86d100", size = 36613, upload-time = "2022-04-07T13:10:12.395Z" }
wheels = [
    { url = "https://files.pythonhosted.org/packages/14/a8/7903eac744562b403b608c4c6fa667e34631ac0787e13e1b1a33ae956366/hererocks-0.25.1-py3-none-any.whl", hash = "sha256:43d5e9283588f83aeb703d6d9bc74249d2fa75126638699ca5fdfd1782f47909", size = 36196, upload-time = "2022-04-07T13:10:10.472Z" },
]

[[package]]
name = "pip"
version = "26.0"
source = { registry = "https://pypi.org/simple" }
sdist = { url = "https://files.pythonhosted.org/packages/44/c2/65686a7783a7c27a329706207147e82f23c41221ee9ae33128fc331670a0/pip-26.0.tar.gz", hash = "sha256:3ce220a0a17915972fbf1ab451baae1521c4539e778b28127efa79b974aff0fa", size = 1812654, upload-time = "2026-01-31T01:40:54.361Z" }
wheels = [
    { url = "https://files.pythonhosted.org/packages/69/00/5ac7aa77688ec4d34148b423d34dc0c9bc4febe0d872a9a1ad9860b2f6f1/pip-26.0-py3-none-any.whl", hash = "sha256:98436feffb9e31bc9339cf369fd55d3331b1580b6a6f1173bacacddcf9c34754", size = 1787564, upload-time = "2026-01-31T01:40:52.252Z" },
]

[[package]]
name = "pycode-similar"
version = "1.4"
source = { registry = "https://pypi.org/simple" }
sdist = { url = "https://files.pythonhosted.org/packages/5f/aa/406aedb4e1f9deadeee077585a5e17d3d33b4371b35832f08c31d2e6ae2a/pycode_similar-1.4.tar.gz", hash = "sha256:41c25bc9804a80c750fcbed1be6b8acc25cf88939933779d2d0f9ef47a2a99db", size = 15593, upload-time = "2020-08-08T06:37:13.444Z" }
wheels = [
    { url = "https://files.pythonhosted.org/packages/e5/1b/7c41caaa9f45decb755adce1efed6826b93ef91770a0def9c61c09c245be/pycode_similar-1.4-py2.py3-none-any.whl", hash = "sha256:d3f8cb2dc7233147af6b70a0aea009b541e1dc13e608b6e2bfba6b3c5f1e677a", size = 9982, upload-time = "2020-08-08T06:37:10.862Z" },
]
