{
  "nodes": {
    "ahio": {
      "inputs": {
        "flake-utils": [
          "moirai",
          "flake-utils"
        ],
        "nixpkgs": [
          "moirai",
          "nixpkgs"
        ]
      },
      "locked": {
        "lastModified": 1695735290,
        "narHash": "sha256-fc75Tg7wArR7dxWzgRoqwHHmVNLW2utaPSSS6NJ42Oc=",
        "owner": "acristoffers",
        "repo": "ahio",
        "rev": "786d54e74a95f7143ac83d97d9e36307c8d8b019",
        "type": "github"
      },
      "original": {
        "owner": "acristoffers",
        "repo": "ahio",
        "type": "github"
      }
    },
    "darwin": {
      "inputs": {
        "nixpkgs": [
          "nixpkgs"
        ]
      },
      "locked": {
        "lastModified": 1704277720,
        "narHash": "sha256-meAKNgmh3goankLGWqqpw73pm9IvXjEENJloF0coskE=",
        "owner": "lnl7",
        "repo": "nix-darwin",
        "rev": "0dd382b70c351f528561f71a0a7df82c9d2be9a4",
        "type": "github"
      },
      "original": {
        "owner": "lnl7",
        "repo": "nix-darwin",
        "type": "github"
      }
    },
    "dbkp": {
      "inputs": {
        "flake-utils": [
          "flake-utils"
        ],
        "nixpkgs": [
          "nixpkgs"
        ]
      },
      "locked": {
        "lastModified": 1700416076,
        "narHash": "sha256-PKwTIRPsuXzJsm3Qn3N0gg3esWS/mV1cODgptrgnz7g=",
        "owner": "acristoffers",
        "repo": "dbkp",
        "rev": "7b6f788bafa22cdcdcebcfc5ec32fd5420ab2ae6",
        "type": "github"
      },
      "original": {
        "owner": "acristoffers",
        "repo": "dbkp",
        "type": "github"
      }
    },
    "flake-compat": {
      "flake": false,
      "locked": {
        "lastModified": 1696426674,
        "narHash": "sha256-kvjfFW7WAETZlt09AgDn1MrtKzP7t90Vf7vypd3OL1U=",
        "owner": "edolstra",
        "repo": "flake-compat",
        "rev": "0f9255e01c2351cc7d116c072cb317785dd33b33",
        "type": "github"
      },
      "original": {
        "owner": "edolstra",
        "repo": "flake-compat",
        "type": "github"
      }
    },
    "flake-compat_2": {
      "flake": false,
      "locked": {
        "lastModified": 1673956053,
        "narHash": "sha256-4gtG9iQuiKITOjNQQeQIpoIB6b16fm+504Ch3sNKLd8=",
        "owner": "edolstra",
        "repo": "flake-compat",
        "rev": "35bb57c0c8d8b62bbfd284272c928ceb64ddbde9",
        "type": "github"
      },
      "original": {
        "owner": "edolstra",
        "repo": "flake-compat",
        "type": "github"
      }
    },
    "flake-parts": {
      "inputs": {
        "nixpkgs-lib": [
          "zon2nix",
          "nixpkgs"
        ]
      },
      "locked": {
        "lastModified": 1690933134,
        "narHash": "sha256-ab989mN63fQZBFrkk4Q8bYxQCktuHmBIBqUG1jl6/FQ=",
        "owner": "hercules-ci",
        "repo": "flake-parts",
        "rev": "59cf3f1447cfc75087e7273b04b31e689a8599fb",
        "type": "github"
      },
      "original": {
        "owner": "hercules-ci",
        "repo": "flake-parts",
        "type": "github"
      }
    },
    "flake-utils": {
      "inputs": {
        "systems": "systems"
      },
      "locked": {
        "lastModified": 1701680307,
        "narHash": "sha256-kAuep2h5ajznlPMD9rnQyffWG8EM/C73lejGofXvdM8=",
        "owner": "numtide",
        "repo": "flake-utils",
        "rev": "4022d587cbbfd70fe950c1e2083a02621806a725",
        "type": "github"
      },
      "original": {
        "owner": "numtide",
        "repo": "flake-utils",
        "type": "github"
      }
    },
    "gitignore": {
      "inputs": {
        "nixpkgs": [
          "remove-trash",
          "nixpkgs"
        ]
      },
      "locked": {
        "lastModified": 1703887061,
        "narHash": "sha256-gGPa9qWNc6eCXT/+Z5/zMkyYOuRZqeFZBDbopNZQkuY=",
        "owner": "hercules-ci",
        "repo": "gitignore.nix",
        "rev": "43e1aa1308018f37118e34d3a9cb4f5e75dc11d5",
        "type": "github"
      },
      "original": {
        "owner": "hercules-ci",
        "repo": "gitignore.nix",
        "type": "github"
      }
    },
    "gitignore_2": {
      "inputs": {
        "nixpkgs": [
          "zls",
          "nixpkgs"
        ]
      },
      "locked": {
        "lastModified": 1703887061,
        "narHash": "sha256-gGPa9qWNc6eCXT/+Z5/zMkyYOuRZqeFZBDbopNZQkuY=",
        "owner": "hercules-ci",
        "repo": "gitignore.nix",
        "rev": "43e1aa1308018f37118e34d3a9cb4f5e75dc11d5",
        "type": "github"
      },
      "original": {
        "owner": "hercules-ci",
        "repo": "gitignore.nix",
        "type": "github"
      }
    },
    "home-manager": {
      "inputs": {
        "nixpkgs": [
          "nixpkgs"
        ]
      },
      "locked": {
        "lastModified": 1704498488,
        "narHash": "sha256-yINKdShHrtjdiJhov+q0s3Y3B830ujRoSbHduUNyKag=",
        "owner": "nix-community",
        "repo": "home-manager",
        "rev": "51e44a13acea71b36245e8bd8c7db53e0a3e61ee",
        "type": "github"
      },
      "original": {
        "owner": "nix-community",
        "ref": "master",
        "repo": "home-manager",
        "type": "github"
      }
    },
    "langref": {
      "flake": false,
      "locked": {
        "narHash": "sha256-mYdDCBdNEIeMbavdhSo8qXqW+3fqPC8BAich7W3umrI=",
        "type": "file",
        "url": "https://raw.githubusercontent.com/ziglang/zig/63bd2bff12992aef0ce23ae4b344e9cb5d65f05d/doc/langref.html.in"
      },
      "original": {
        "type": "file",
        "url": "https://raw.githubusercontent.com/ziglang/zig/63bd2bff12992aef0ce23ae4b344e9cb5d65f05d/doc/langref.html.in"
      }
    },
    "lsp-setup-git": {
      "flake": false,
      "locked": {
        "lastModified": 1703463600,
        "narHash": "sha256-VMik9BJXHhs2RMUCbkbY1dszTr5Ak+y4Uo4V3oQRoy0=",
        "owner": "junnplus",
        "repo": "lsp-setup.nvim",
        "rev": "22ba14fb5c4208fd93f616d7b99bb47656e6e144",
        "type": "github"
      },
      "original": {
        "owner": "junnplus",
        "repo": "lsp-setup.nvim",
        "type": "github"
      }
    },
    "matlab-beautifier": {
      "inputs": {
        "flake-utils": [
          "flake-utils"
        ],
        "naersk": [
          "naersk"
        ],
        "nixpkgs": [
          "nixpkgs"
        ]
      },
      "locked": {
        "lastModified": 1704646911,
        "narHash": "sha256-SDdVglB1epihMGxzpreb2S9bt3t+HBsy1Udnh3+CGSI=",
        "owner": "acristoffers",
        "repo": "matlab-beautifier",
        "rev": "09773ade9356c7df60882ba7b4227075248a45a8",
        "type": "github"
      },
      "original": {
        "owner": "acristoffers",
        "repo": "matlab-beautifier",
        "type": "github"
      }
    },
    "matlab-lsp": {
      "inputs": {
        "flake-utils": [
          "flake-utils"
        ],
        "naersk": [
          "naersk"
        ],
        "nixpkgs": [
          "nixpkgs"
        ]
      },
      "locked": {
        "lastModified": 1704647186,
        "narHash": "sha256-Vz1iA6XT/WBSYr5ixpzMi8sGrD6hvd89xubLQcQjHRY=",
        "owner": "acristoffers",
        "repo": "matlab-lsp",
        "rev": "d93608b1872bc790bf6035b6c394b14ec2781403",
        "type": "github"
      },
      "original": {
        "owner": "acristoffers",
        "repo": "matlab-lsp",
        "type": "github"
      }
    },
    "moirai": {
      "inputs": {
        "ahio": "ahio",
        "flake-utils": [
          "flake-utils"
        ],
        "nixpkgs": [
          "nixpkgs"
        ]
      },
      "locked": {
        "lastModified": 1700415756,
        "narHash": "sha256-SWHBC+CnWazn6Q4ZJFV4QjihVjgAHiDdPHmK+oJtPeY=",
        "owner": "acristoffers",
        "repo": "moirai",
        "rev": "4808f28a7a990a897b0612e4cad30eda37b91b74",
        "type": "github"
      },
      "original": {
        "owner": "acristoffers",
        "repo": "moirai",
        "type": "github"
      }
    },
    "naersk": {
      "inputs": {
        "nixpkgs": [
          "nixpkgs"
        ]
      },
      "locked": {
        "lastModified": 1698420672,
        "narHash": "sha256-/TdeHMPRjjdJub7p7+w55vyABrsJlt5QkznPYy55vKA=",
        "owner": "nix-community",
        "repo": "naersk",
        "rev": "aeb58d5e8faead8980a807c840232697982d47b9",
        "type": "github"
      },
      "original": {
        "owner": "nix-community",
        "repo": "naersk",
        "type": "github"
      }
    },
    "nix-matlab": {
      "inputs": {
        "flake-compat": "flake-compat",
        "nixpkgs": [
          "nixpkgs"
        ]
      },
      "locked": {
        "lastModified": 1704380515,
        "narHash": "sha256-Z9F2awcfTmRWDgfJ0Pd51sZdtr4zmELNpswsPpbm2Ec=",
        "owner": "doronbehar",
        "repo": "nix-matlab",
        "rev": "fd941f6eb71a649fbabd3d4ee3f96144a992f9b3",
        "type": "gitlab"
      },
      "original": {
        "owner": "doronbehar",
        "repo": "nix-matlab",
        "type": "gitlab"
      }
    },
    "nixpkgs": {
      "locked": {
        "lastModified": 1704538339,
        "narHash": "sha256-1734d3mQuux9ySvwf6axRWZRBhtcZA9Q8eftD6EZg6U=",
        "owner": "NixOS",
        "repo": "nixpkgs",
        "rev": "46ae0210ce163b3cba6c7da08840c1d63de9c701",
        "type": "github"
      },
      "original": {
        "owner": "NixOS",
        "ref": "nixos-unstable",
        "repo": "nixpkgs",
        "type": "github"
      }
    },
    "nvim": {
      "inputs": {
        "flake-utils": [
          "flake-utils"
        ],
        "lsp-setup-git": "lsp-setup-git",
        "matlab-lsp": [
          "matlab-lsp"
        ],
        "nixpkgs": [
          "nixpkgs"
        ],
        "zls": [
          "zls"
        ]
      },
      "locked": {
        "lastModified": 1704647231,
        "narHash": "sha256-1jeMqbvA2R6ULkqRTApMi3xNxBbRVVYIQxopA5nZTeE=",
        "owner": "acristoffers",
        "repo": "nvim-flake",
        "rev": "97892b650392762472b1ef0cacb000540dac9eb6",
        "type": "github"
      },
      "original": {
        "owner": "acristoffers",
        "repo": "nvim-flake",
        "type": "github"
      }
    },
    "pcre2": {
      "flake": false,
      "locked": {
        "lastModified": 1701189729,
        "narHash": "sha256-mrGOdzuhfEwVZfU50FsarhOLhyRMM0cg5/3o88e4nvg=",
        "owner": "PCRE2Project",
        "repo": "pcre2",
        "rev": "86919c90182854b5369bc10d5ad43b637f464f50",
        "type": "github"
      },
      "original": {
        "owner": "PCRE2Project",
        "repo": "pcre2",
        "rev": "86919c90182854b5369bc10d5ad43b637f464f50",
        "type": "github"
      }
    },
    "remove-trash": {
      "inputs": {
        "flake-utils": [
          "flake-utils"
        ],
        "gitignore": "gitignore",
        "nixpkgs": [
          "nixpkgs"
        ],
        "pcre2": "pcre2",
        "zig-overlay": [
          "zig"
        ]
      },
      "locked": {
        "lastModified": 1704788873,
        "narHash": "sha256-iJhKZ6dtecD6OUky7LuohvAkRawE6nDA2+6WFWgtp0Q=",
        "owner": "acristoffers",
        "repo": "remove-trash",
        "rev": "8f0872667d82db0056ca3b82235d4c1f2d6d3483",
        "type": "github"
      },
      "original": {
        "owner": "acristoffers",
        "repo": "remove-trash",
        "type": "github"
      }
    },
    "root": {
      "inputs": {
        "darwin": "darwin",
        "dbkp": "dbkp",
        "flake-utils": "flake-utils",
        "home-manager": "home-manager",
        "matlab-beautifier": "matlab-beautifier",
        "matlab-lsp": "matlab-lsp",
        "moirai": "moirai",
        "naersk": "naersk",
        "nix-matlab": "nix-matlab",
        "nixpkgs": "nixpkgs",
        "nvim": "nvim",
        "remove-trash": "remove-trash",
        "void": "void",
        "webots": "webots",
        "zig": "zig",
        "zls": "zls",
        "zon2nix": "zon2nix"
      }
    },
    "systems": {
      "locked": {
        "lastModified": 1681028828,
        "narHash": "sha256-Vy1rq5AaRuLzOxct8nz4T6wlgyUR7zLU309k9mBC768=",
        "owner": "nix-systems",
        "repo": "default",
        "rev": "da67096a3b9bf56a91d16901293e51ba5b49a27e",
        "type": "github"
      },
      "original": {
        "owner": "nix-systems",
        "repo": "default",
        "type": "github"
      }
    },
    "void": {
      "inputs": {
        "flake-utils": [
          "flake-utils"
        ],
        "naersk": [
          "naersk"
        ],
        "nixpkgs": [
          "nixpkgs"
        ]
      },
      "locked": {
        "lastModified": 1701373175,
        "narHash": "sha256-hTKQ4zoaAaiqTCQk5BxANeWCYKK3NTWEUTeUzqyehU8=",
        "owner": "acristoffers",
        "repo": "void-rs",
        "rev": "e12b90233fb33d8262ed3caca732a878dcbb09be",
        "type": "github"
      },
      "original": {
        "owner": "acristoffers",
        "repo": "void-rs",
        "type": "github"
      }
    },
    "webots": {
      "inputs": {
        "flake-utils": [
          "flake-utils"
        ],
        "nixpkgs": [
          "nixpkgs"
        ],
        "webots": "webots_2"
      },
      "locked": {
        "lastModified": 1701464716,
        "narHash": "sha256-IKrxyWl+r6U61D1xYeZJPSQBMARRLA8W6bOGAXtRvOQ=",
        "owner": "acristoffers",
        "repo": "webots-flake",
        "rev": "09029f23595280c0ebfec32ec234119d73d4b20e",
        "type": "github"
      },
      "original": {
        "owner": "acristoffers",
        "repo": "webots-flake",
        "type": "github"
      }
    },
    "webots_2": {
      "flake": false,
      "locked": {
        "lastModified": 1687878853,
        "narHash": "sha256-m97KFWFIjEb9NQfiVklGMTn/8Ix/p3jG4L3fJO2PSCY=",
        "type": "tarball",
        "url": "https://github.com/cyberbotics/webots/releases/download/R2023b/webots-R2023b-x86-64.tar.bz2"
      },
      "original": {
        "type": "tarball",
        "url": "https://github.com/cyberbotics/webots/releases/download/R2023b/webots-R2023b-x86-64.tar.bz2"
      }
    },
    "zig": {
      "inputs": {
        "flake-compat": "flake-compat_2",
        "flake-utils": [
          "flake-utils"
        ],
        "nixpkgs": [
          "nixpkgs"
        ]
      },
      "locked": {
        "lastModified": 1704759835,
        "narHash": "sha256-SiJOFTJl8pLroXjv0c8HMb/pM8678KnSqpralTzsTN0=",
        "owner": "mitchellh",
        "repo": "zig-overlay",
        "rev": "a3ae22cdf3664572047649983c3803296209d527",
        "type": "github"
      },
      "original": {
        "owner": "mitchellh",
        "repo": "zig-overlay",
        "type": "github"
      }
    },
    "zls": {
      "inputs": {
        "flake-utils": [
          "flake-utils"
        ],
        "gitignore": "gitignore_2",
        "langref": "langref",
        "nixpkgs": [
          "nixpkgs"
        ],
        "zig-overlay": [
          "zig"
        ]
      },
      "locked": {
        "lastModified": 1704757701,
        "narHash": "sha256-fXA/XPkN8zxsM1YsVy/v1V61f7QTnMEpvhalo4U+Sxo=",
        "owner": "acristoffers",
        "repo": "zls",
        "rev": "d29a62e5c701d2717ddeeb2cb45b05fa8a4f1c85",
        "type": "github"
      },
      "original": {
        "owner": "acristoffers",
        "repo": "zls",
        "type": "github"
      }
    },
    "zon2nix": {
      "inputs": {
        "flake-parts": "flake-parts",
        "nixpkgs": [
          "nixpkgs"
        ]
      },
      "locked": {
        "lastModified": 1701883144,
        "narHash": "sha256-BrdvQ/49IQzwc3l8EOsURqHKIY3WcTiRDAsVhZ4O/TU=",
        "owner": "nix-community",
        "repo": "zon2nix",
        "rev": "4394c25250810fdeb9559f3cda7a08226ce6e5a7",
        "type": "github"
      },
      "original": {
        "owner": "nix-community",
        "repo": "zon2nix",
        "type": "github"
      }
    }
  },
  "root": "root",
  "version": 7
}
