{
  "nodes": {
    "aquamarine": {
      "inputs": {
        "hyprutils": [
          "hyprland-guiutils",
          "hyprutils"
        ],
        "hyprwayland-scanner": [
          "hyprland-guiutils",
          "hyprwayland-scanner"
        ],
        "nixpkgs": [
          "hyprland-guiutils",
          "nixpkgs"
        ],
        "systems": [
          "hyprland-guiutils",
          "systems"
        ]
      },
      "locked": {
        "lastModified": 1762356719,
        "narHash": "sha256-qwd/xdoOya1m8FENle+4hWnydCtlXUWLAW/Auk6WL7s=",
        "owner": "hyprwm",
        "repo": "aquamarine",
        "rev": "6d0b3567584691bf9d8fedb5d0093309e2f979c7",
        "type": "github"
      },
      "original": {
        "owner": "hyprwm",
        "repo": "aquamarine",
        "type": "github"
      }
    },
    "bib-converter": {
      "inputs": {
        "flake-utils": [
          "flake-utils"
        ],
        "gitignore": "gitignore",
        "nixpkgs": [
          "nixpkgs"
        ],
        "tree-sitter-biber": "tree-sitter-biber"
      },
      "locked": {
        "lastModified": 1712610179,
        "narHash": "sha256-jVn3w5iVBfQoHSG0Qz0vX34IuJpXGxvNzB21RiRvKAo=",
        "owner": "acristoffers",
        "repo": "bib-converter",
        "rev": "b66ef318b91bf3f4af5a2a955b1328cd87a58e79",
        "type": "github"
      },
      "original": {
        "owner": "acristoffers",
        "repo": "bib-converter",
        "type": "github"
      }
    },
    "cgen": {
      "inputs": {
        "flake-utils": [
          "flake-utils"
        ],
        "gitignore": "gitignore_2",
        "nixpkgs": [
          "nixpkgs"
        ]
      },
      "locked": {
        "lastModified": 1770707894,
        "narHash": "sha256-f4oFGKMvNjjbhbeBB7t3dqeBXeerKDh9nESB5nd5vdk=",
        "owner": "acristoffers",
        "repo": "cgen",
        "rev": "a0923372b2e485171c40cbcd4f3ad5a9447fbff7",
        "type": "github"
      },
      "original": {
        "owner": "acristoffers",
        "repo": "cgen",
        "type": "github"
      }
    },
    "codex-nvim": {
      "flake": false,
      "locked": {
        "lastModified": 1763603761,
        "narHash": "sha256-hvBsqLzV3oCVWK4Ll/YDrDhZSTjpvUjTpDQz6SFbtVo=",
        "owner": "johnseth97",
        "repo": "codex.nvim",
        "rev": "e1149cbc875ff71ee21f8832b9fe815a270442b3",
        "type": "github"
      },
      "original": {
        "owner": "johnseth97",
        "repo": "codex.nvim",
        "type": "github"
      }
    },
    "copilot-lualine-git": {
      "flake": false,
      "locked": {
        "lastModified": 1762302740,
        "narHash": "sha256-HYNqPdwatrNTNUGo6I2SzmNxSI4iqX+Ls7GHQcU8+Fk=",
        "owner": "AndreM222",
        "repo": "copilot-lualine",
        "rev": "222e90bd8dcdf16ca1efc4e784416afb5f011c31",
        "type": "github"
      },
      "original": {
        "owner": "AndreM222",
        "repo": "copilot-lualine",
        "type": "github"
      }
    },
    "dbkp": {
      "inputs": {
        "flake-utils": [
          "flake-utils"
        ],
        "gitignore": "gitignore_3",
        "nixpkgs": [
          "nixpkgs"
        ]
      },
      "locked": {
        "lastModified": 1771673078,
        "narHash": "sha256-jFdF0J2d7MrBcqnHOmn15hv4Xh/4c/xUwu87qpcW2EY=",
        "owner": "acristoffers",
        "repo": "dbkp",
        "rev": "449a7d822e6e4b6626286daf2cdc1a44a73509f0",
        "type": "github"
      },
      "original": {
        "owner": "acristoffers",
        "repo": "dbkp",
        "type": "github"
      }
    },
    "dms": {
      "inputs": {
        "nixpkgs": [
          "nixpkgs"
        ],
        "quickshell": "quickshell"
      },
      "locked": {
        "lastModified": 1771605734,
        "narHash": "sha256-qPm0HLKFIN8nBiTJwA4Jq5R3KPNoMHBxkpVJ4DQ9PBI=",
        "owner": "AvengeMedia",
        "repo": "DankMaterialShell",
        "rev": "03a8e1e0d5fee0e68e15c93e63ba4ebb967a8e0b",
        "type": "github"
      },
      "original": {
        "owner": "AvengeMedia",
        "ref": "stable",
        "repo": "DankMaterialShell",
        "type": "github"
      }
    },
    "dms-emoji-launcher": {
      "flake": false,
      "locked": {
        "lastModified": 1771465180,
        "narHash": "sha256-jM1ywoyEefi3LJg/Fxbo8/8YBnnrNajF3WSIqvc5mTY=",
        "owner": "devnullvoid",
        "repo": "dms-emoji-launcher",
        "rev": "2fcd667b76271ba6064946fc81feb551cce5ba33",
        "type": "github"
      },
      "original": {
        "owner": "devnullvoid",
        "repo": "dms-emoji-launcher",
        "type": "github"
      }
    },
    "dms-grimblast": {
      "flake": false,
      "locked": {
        "lastModified": 1761528751,
        "narHash": "sha256-CA5fjB2KmlBXeh9m1+1ddjNMhZbwR4pQ9PiEPWDcuZs=",
        "owner": "TaylanTatli",
        "repo": "dms-plugins",
        "rev": "2fa71a37f7ba411991a9e76baa3637351830ec6a",
        "type": "github"
      },
      "original": {
        "owner": "TaylanTatli",
        "repo": "dms-plugins",
        "type": "github"
      }
    },
    "dms-plugins": {
      "flake": false,
      "locked": {
        "lastModified": 1771613087,
        "narHash": "sha256-uTj2X0Q3o+cthDIxPFTWHBDWp5KrsGOYiNII4OxrwzE=",
        "owner": "AvengeMedia",
        "repo": "dms-plugins",
        "rev": "2061463d0499fe8f82ea6a2a85722ff2dfca867f",
        "type": "github"
      },
      "original": {
        "owner": "AvengeMedia",
        "repo": "dms-plugins",
        "type": "github"
      }
    },
    "dms-world-clock": {
      "flake": false,
      "locked": {
        "lastModified": 1771414693,
        "narHash": "sha256-T/AodSxxqISb/TNr8dfaZH/BGmimlxXUmlhlyUDVWa8=",
        "owner": "rochacbruno",
        "repo": "WorldClock",
        "rev": "65a80dbe414251afb907d04b0e85d02516860890",
        "type": "github"
      },
      "original": {
        "owner": "rochacbruno",
        "repo": "WorldClock",
        "type": "github"
      }
    },
    "flake-compat": {
      "flake": false,
      "locked": {
        "lastModified": 1761588595,
        "narHash": "sha256-XKUZz9zewJNUj46b4AJdiRZJAvSZ0Dqj2BNfXvFlJC4=",
        "owner": "edolstra",
        "repo": "flake-compat",
        "rev": "f387cd2afec9419c8ee37694406ca490c3f34ee5",
        "type": "github"
      },
      "original": {
        "owner": "edolstra",
        "repo": "flake-compat",
        "type": "github"
      }
    },
    "flake-compat_2": {
      "flake": false,
      "locked": {
        "lastModified": 1696426674,
        "narHash": "sha256-kvjfFW7WAETZlt09AgDn1MrtKzP7t90Vf7vypd3OL1U=",
        "owner": "edolstra",
        "repo": "flake-compat",
        "rev": "0f9255e01c2351cc7d116c072cb317785dd33b33",
        "type": "github"
      },
      "original": {
        "owner": "edolstra",
        "repo": "flake-compat",
        "type": "github"
      }
    },
    "flake-utils": {
      "inputs": {
        "systems": "systems"
      },
      "locked": {
        "lastModified": 1731533236,
        "narHash": "sha256-l0KFg5HjrsfsO/JpG+r7fRrqm12kzFHyUHqHCVpMMbI=",
        "owner": "numtide",
        "repo": "flake-utils",
        "rev": "11707dc2f618dd54ca8739b309ec4fc024de578b",
        "type": "github"
      },
      "original": {
        "owner": "numtide",
        "repo": "flake-utils",
        "type": "github"
      }
    },
    "flake-utils_2": {
      "inputs": {
        "systems": "systems_2"
      },
      "locked": {
        "lastModified": 1731533236,
        "narHash": "sha256-l0KFg5HjrsfsO/JpG+r7fRrqm12kzFHyUHqHCVpMMbI=",
        "owner": "numtide",
        "repo": "flake-utils",
        "rev": "11707dc2f618dd54ca8739b309ec4fc024de578b",
        "type": "github"
      },
      "original": {
        "owner": "numtide",
        "repo": "flake-utils",
        "type": "github"
      }
    },
    "flake-utils_3": {
      "inputs": {
        "systems": "systems_4"
      },
      "locked": {
        "lastModified": 1731533236,
        "narHash": "sha256-l0KFg5HjrsfsO/JpG+r7fRrqm12kzFHyUHqHCVpMMbI=",
        "owner": "numtide",
        "repo": "flake-utils",
        "rev": "11707dc2f618dd54ca8739b309ec4fc024de578b",
        "type": "github"
      },
      "original": {
        "owner": "numtide",
        "repo": "flake-utils",
        "type": "github"
      }
    },
    "flake-utils_4": {
      "inputs": {
        "systems": "systems_5"
      },
      "locked": {
        "lastModified": 1731533236,
        "narHash": "sha256-l0KFg5HjrsfsO/JpG+r7fRrqm12kzFHyUHqHCVpMMbI=",
        "owner": "numtide",
        "repo": "flake-utils",
        "rev": "11707dc2f618dd54ca8739b309ec4fc024de578b",
        "type": "github"
      },
      "original": {
        "owner": "numtide",
        "repo": "flake-utils",
        "type": "github"
      }
    },
    "flake-utils_5": {
      "inputs": {
        "systems": "systems_6"
      },
      "locked": {
        "lastModified": 1731533236,
        "narHash": "sha256-l0KFg5HjrsfsO/JpG+r7fRrqm12kzFHyUHqHCVpMMbI=",
        "owner": "numtide",
        "repo": "flake-utils",
        "rev": "11707dc2f618dd54ca8739b309ec4fc024de578b",
        "type": "github"
      },
      "original": {
        "owner": "numtide",
        "repo": "flake-utils",
        "type": "github"
      }
    },
    "flake-utils_6": {
      "inputs": {
        "systems": "systems_7"
      },
      "locked": {
        "lastModified": 1705309234,
        "narHash": "sha256-uNRRNRKmJyCRC/8y1RqBkqWBLM034y4qN7EprSdmgyA=",
        "owner": "numtide",
        "repo": "flake-utils",
        "rev": "1ef2e671c3b0c19053962c07dbda38332dcebf26",
        "type": "github"
      },
      "original": {
        "owner": "numtide",
        "repo": "flake-utils",
        "type": "github"
      }
    },
    "ghostty": {
      "inputs": {
        "flake-compat": "flake-compat",
        "flake-utils": "flake-utils_2",
        "home-manager": "home-manager",
        "nixpkgs": "nixpkgs",
        "zig": "zig",
        "zon2nix": "zon2nix"
      },
      "locked": {
        "lastModified": 1771694308,
        "narHash": "sha256-jPxFDCVP6M6Pc0d1YfQUil/UTrrbV+Gkakp7O9qdH4A=",
        "owner": "ghostty-org",
        "repo": "ghostty",
        "rev": "2e172eeb60b0096f2946eb631b2e8bc294e45c62",
        "type": "github"
      },
      "original": {
        "owner": "ghostty-org",
        "repo": "ghostty",
        "type": "github"
      }
    },
    "git-worktree-git": {
      "flake": false,
      "locked": {
        "lastModified": 1714420982,
        "narHash": "sha256-CC9+h1i+l9TbE60LABZnwjkHy94VGQ7Hqd5jVHEW+mw=",
        "owner": "awerebea",
        "repo": "git-worktree.nvim",
        "rev": "a3917d0b7ca32e7faeed410cd6b0c572bf6384ac",
        "type": "github"
      },
      "original": {
        "owner": "awerebea",
        "ref": "handle_changes_in_telescope_api",
        "repo": "git-worktree.nvim",
        "type": "github"
      }
    },
    "gitignore": {
      "inputs": {
        "nixpkgs": [
          "bib-converter",
          "nixpkgs"
        ]
      },
      "locked": {
        "lastModified": 1709087332,
        "narHash": "sha256-HG2cCnktfHsKV0s4XW83gU3F57gaTljL9KNSuG6bnQs=",
        "owner": "hercules-ci",
        "repo": "gitignore.nix",
        "rev": "637db329424fd7e46cf4185293b9cc8c88c95394",
        "type": "github"
      },
      "original": {
        "owner": "hercules-ci",
        "repo": "gitignore.nix",
        "type": "github"
      }
    },
    "gitignore_2": {
      "inputs": {
        "nixpkgs": [
          "cgen",
          "nixpkgs"
        ]
      },
      "locked": {
        "lastModified": 1709087332,
        "narHash": "sha256-HG2cCnktfHsKV0s4XW83gU3F57gaTljL9KNSuG6bnQs=",
        "owner": "hercules-ci",
        "repo": "gitignore.nix",
        "rev": "637db329424fd7e46cf4185293b9cc8c88c95394",
        "type": "github"
      },
      "original": {
        "owner": "hercules-ci",
        "repo": "gitignore.nix",
        "type": "github"
      }
    },
    "gitignore_3": {
      "inputs": {
        "nixpkgs": [
          "dbkp",
          "nixpkgs"
        ]
      },
      "locked": {
        "lastModified": 1762808025,
        "narHash": "sha256-XmjITeZNMTQXGhhww6ed/Wacy2KzD6svioyCX7pkUu4=",
        "owner": "hercules-ci",
        "repo": "gitignore.nix",
        "rev": "cb5e3fdca1de58ccbc3ef53de65bd372b48f567c",
        "type": "github"
      },
      "original": {
        "owner": "hercules-ci",
        "repo": "gitignore.nix",
        "type": "github"
      }
    },
    "gitignore_4": {
      "inputs": {
        "nixpkgs": [
          "remove-trash",
          "nixpkgs"
        ]
      },
      "locked": {
        "lastModified": 1709087332,
        "narHash": "sha256-HG2cCnktfHsKV0s4XW83gU3F57gaTljL9KNSuG6bnQs=",
        "owner": "hercules-ci",
        "repo": "gitignore.nix",
        "rev": "637db329424fd7e46cf4185293b9cc8c88c95394",
        "type": "github"
      },
      "original": {
        "owner": "hercules-ci",
        "repo": "gitignore.nix",
        "type": "github"
      }
    },
    "gitignore_5": {
      "inputs": {
        "nixpkgs": [
          "tmux-tui",
          "nixpkgs"
        ]
      },
      "locked": {
        "lastModified": 1762808025,
        "narHash": "sha256-XmjITeZNMTQXGhhww6ed/Wacy2KzD6svioyCX7pkUu4=",
        "owner": "hercules-ci",
        "repo": "gitignore.nix",
        "rev": "cb5e3fdca1de58ccbc3ef53de65bd372b48f567c",
        "type": "github"
      },
      "original": {
        "owner": "hercules-ci",
        "repo": "gitignore.nix",
        "type": "github"
      }
    },
    "gitignore_6": {
      "inputs": {
        "nixpkgs": [
          "void",
          "nixpkgs"
        ]
      },
      "locked": {
        "lastModified": 1709087332,
        "narHash": "sha256-HG2cCnktfHsKV0s4XW83gU3F57gaTljL9KNSuG6bnQs=",
        "owner": "hercules-ci",
        "repo": "gitignore.nix",
        "rev": "637db329424fd7e46cf4185293b9cc8c88c95394",
        "type": "github"
      },
      "original": {
        "owner": "hercules-ci",
        "repo": "gitignore.nix",
        "type": "github"
      }
    },
    "gitlab-nvim": {
      "inputs": {
        "flake-utils": "flake-utils_4",
        "nixpkgs": "nixpkgs_4"
      },
      "locked": {
        "lastModified": 1770969425,
        "narHash": "sha256-IeYiOW5Hz8kM+E+VdHAcyLOOFl3go1ksd+Scf1zyXFg=",
        "owner": "acristoffers",
        "repo": "gitlab.nvim",
        "rev": "bbcb640d3b1f9d65085f197fbd0324488bb93b61",
        "type": "github"
      },
      "original": {
        "owner": "acristoffers",
        "ref": "feature/nix-and-configurable-server-path",
        "repo": "gitlab.nvim",
        "type": "github"
      }
    },
    "home-manager": {
      "inputs": {
        "nixpkgs": [
          "ghostty",
          "nixpkgs"
        ]
      },
      "locked": {
        "lastModified": 1770586272,
        "narHash": "sha256-Ucci8mu8QfxwzyfER2DQDbvW9t1BnTUJhBmY7ybralo=",
        "owner": "nix-community",
        "repo": "home-manager",
        "rev": "b1f916ba052341edc1f80d4b2399f1092a4873ca",
        "type": "github"
      },
      "original": {
        "owner": "nix-community",
        "repo": "home-manager",
        "type": "github"
      }
    },
    "home-manager_2": {
      "inputs": {
        "nixpkgs": [
          "nixpkgs"
        ]
      },
      "locked": {
        "lastModified": 1770260404,
        "narHash": "sha256-3iVX1+7YUIt23hBx1WZsUllhbmP2EnXrV8tCRbLxHc8=",
        "owner": "nix-community",
        "repo": "home-manager",
        "rev": "0d782ee42c86b196acff08acfbf41bb7d13eed5b",
        "type": "github"
      },
      "original": {
        "owner": "nix-community",
        "ref": "release-25.11",
        "repo": "home-manager",
        "type": "github"
      }
    },
    "hyprgraphics": {
      "inputs": {
        "hyprutils": [
          "hyprland-guiutils",
          "hyprutils"
        ],
        "nixpkgs": [
          "hyprland-guiutils",
          "nixpkgs"
        ],
        "systems": [
          "hyprland-guiutils",
          "systems"
        ]
      },
      "locked": {
        "lastModified": 1763487816,
        "narHash": "sha256-DNjvMaSOM1xkyQa+qUqWEPQKGuAGmpQiF3ubHXc2K4s=",
        "owner": "hyprwm",
        "repo": "hyprgraphics",
        "rev": "1fb5bfbd6268eddb9117229f89879cc131775f0b",
        "type": "github"
      },
      "original": {
        "owner": "hyprwm",
        "repo": "hyprgraphics",
        "type": "github"
      }
    },
    "hyprland-guiutils": {
      "inputs": {
        "aquamarine": "aquamarine",
        "hyprgraphics": "hyprgraphics",
        "hyprlang": "hyprlang",
        "hyprtoolkit": "hyprtoolkit",
        "hyprutils": "hyprutils",
        "hyprwayland-scanner": "hyprwayland-scanner",
        "nixpkgs": [
          "nixpkgs"
        ],
        "systems": "systems_3"
      },
      "locked": {
        "lastModified": 1767023960,
        "narHash": "sha256-R2HgtVS1G3KSIKAQ77aOZ+Q0HituOmPgXW9nBNkpp3Q=",
        "owner": "hyprwm",
        "repo": "hyprland-guiutils",
        "rev": "c2e906261142f5dd1ee0bfc44abba23e2754c660",
        "type": "github"
      },
      "original": {
        "owner": "hyprwm",
        "repo": "hyprland-guiutils",
        "type": "github"
      }
    },
    "hyprlang": {
      "inputs": {
        "hyprutils": [
          "hyprland-guiutils",
          "hyprutils"
        ],
        "nixpkgs": [
          "hyprland-guiutils",
          "nixpkgs"
        ],
        "systems": [
          "hyprland-guiutils",
          "systems"
        ]
      },
      "locked": {
        "lastModified": 1763404580,
        "narHash": "sha256-APyQ4L05EHRbQFS1t7nXex4u+g9Sh8J70W80djOnmI4=",
        "owner": "hyprwm",
        "repo": "hyprlang",
        "rev": "3d3057837c2e9e2c67d8570b08390599b7c528bf",
        "type": "github"
      },
      "original": {
        "owner": "hyprwm",
        "repo": "hyprlang",
        "type": "github"
      }
    },
    "hyprtoolkit": {
      "inputs": {
        "aquamarine": [
          "hyprland-guiutils",
          "aquamarine"
        ],
        "hyprgraphics": [
          "hyprland-guiutils",
          "hyprgraphics"
        ],
        "hyprlang": [
          "hyprland-guiutils",
          "hyprlang"
        ],
        "hyprutils": [
          "hyprland-guiutils",
          "hyprutils"
        ],
        "hyprwayland-scanner": [
          "hyprland-guiutils",
          "hyprwayland-scanner"
        ],
        "nixpkgs": [
          "hyprland-guiutils",
          "nixpkgs"
        ],
        "systems": [
          "hyprland-guiutils",
          "systems"
        ]
      },
      "locked": {
        "lastModified": 1764592794,
        "narHash": "sha256-7CcO+wbTJ1L1NBQHierHzheQGPWwkIQug/w+fhTAVuU=",
        "owner": "hyprwm",
        "repo": "hyprtoolkit",
        "rev": "5cfe0743f0e608e1462972303778d8a0859ee63e",
        "type": "github"
      },
      "original": {
        "owner": "hyprwm",
        "repo": "hyprtoolkit",
        "type": "github"
      }
    },
    "hyprutils": {
      "inputs": {
        "nixpkgs": [
          "hyprland-guiutils",
          "nixpkgs"
        ],
        "systems": [
          "hyprland-guiutils",
          "systems"
        ]
      },
      "locked": {
        "lastModified": 1763513463,
        "narHash": "sha256-72YmF4QUEAZfIFwN/v+KMCottqQdcTcJdLLa+QbggNQ=",
        "owner": "hyprwm",
        "repo": "hyprutils",
        "rev": "671792bcfeaaa58022941ed40c3993cd7f04e38d",
        "type": "github"
      },
      "original": {
        "owner": "hyprwm",
        "repo": "hyprutils",
        "type": "github"
      }
    },
    "hyprwayland-scanner": {
      "inputs": {
        "nixpkgs": [
          "hyprland-guiutils",
          "nixpkgs"
        ],
        "systems": [
          "hyprland-guiutils",
          "systems"
        ]
      },
      "locked": {
        "lastModified": 1763640274,
        "narHash": "sha256-Uan1Nl9i4TF/kyFoHnTq1bd/rsWh4GAK/9/jDqLbY5A=",
        "owner": "hyprwm",
        "repo": "hyprwayland-scanner",
        "rev": "f6cf414ca0e16a4d30198fd670ec86df3c89f671",
        "type": "github"
      },
      "original": {
        "owner": "hyprwm",
        "repo": "hyprwayland-scanner",
        "type": "github"
      }
    },
    "ledger-formatter": {
      "inputs": {
        "flake-utils": [
          "nvim",
          "flake-utils"
        ],
        "nixpkgs": [
          "nvim",
          "nixpkgs"
        ]
      },
      "locked": {
        "lastModified": 1755377764,
        "narHash": "sha256-Auz+8L3O3m0zkQaIwDpc1pppJFVTln/DRruaZRmOva0=",
        "owner": "acristoffers",
        "repo": "ledger-formatter",
        "rev": "34a89453b7c5591ebb97d7b5bdd09a6d2e6e451c",
        "type": "github"
      },
      "original": {
        "owner": "acristoffers",
        "repo": "ledger-formatter",
        "type": "github"
      }
    },
    "ledger-nvim": {
      "inputs": {
        "flake-utils": "flake-utils_5",
        "nixpkgs": "nixpkgs_5"
      },
      "locked": {
        "lastModified": 1770132102,
        "narHash": "sha256-dfs3selCyELoHh5Dm5GpC4kDAiSpjZrgntIHV0rvyJg=",
        "owner": "acristoffers",
        "repo": "ledger.nvim",
        "rev": "c390a5c8b765629b60e0b1acd82b31b3e9827382",
        "type": "github"
      },
      "original": {
        "owner": "acristoffers",
        "repo": "ledger.nvim",
        "type": "github"
      }
    },
    "lsp-setup-git": {
      "flake": false,
      "locked": {
        "lastModified": 1747271058,
        "narHash": "sha256-IRWvT4uSyyuV1Gm9l0PW3itzYHntP6kLvXztNcUNsnA=",
        "owner": "junnplus",
        "repo": "lsp-setup.nvim",
        "rev": "f3acd127ca0f6bf5516622aafd87de7290ca8159",
        "type": "github"
      },
      "original": {
        "owner": "junnplus",
        "repo": "lsp-setup.nvim",
        "type": "github"
      }
    },
    "matlab-lsp": {
      "inputs": {
        "flake-utils": [
          "nvim",
          "flake-utils"
        ],
        "nixpkgs": [
          "nvim",
          "nixpkgs"
        ]
      },
      "locked": {
        "lastModified": 1762864037,
        "narHash": "sha256-8m4A64iPYjLyt93lYS7llNoLNbsuRmw/3JY7IXm9Wmk=",
        "owner": "acristoffers",
        "repo": "matlab-lsp",
        "rev": "07e856f58c71b91b306597ad7ab13b91149a0345",
        "type": "github"
      },
      "original": {
        "owner": "acristoffers",
        "repo": "matlab-lsp",
        "type": "github"
      }
    },
    "nixgl": {
      "inputs": {
        "flake-utils": "flake-utils_3",
        "nixpkgs": "nixpkgs_2"
      },
      "locked": {
        "lastModified": 1762090880,
        "narHash": "sha256-fbRQzIGPkjZa83MowjbD2ALaJf9y6KMDdJBQMKFeY/8=",
        "owner": "nix-community",
        "repo": "nixGL",
        "rev": "b6105297e6f0cd041670c3e8628394d4ee247ed5",
        "type": "github"
      },
      "original": {
        "owner": "nix-community",
        "repo": "nixGL",
        "type": "github"
      }
    },
    "nixpkgs": {
      "locked": {
        "lastModified": 1770537093,
        "narHash": "sha256-XV30uo8tXuxdzuV8l3sojmlPRLd/8tpMsOp4lNzLGUo=",
        "rev": "fef9403a3e4d31b0a23f0bacebbec52c248fbb51",
        "type": "tarball",
        "url": "https://releases.nixos.org/nixpkgs/nixpkgs-26.05pre942631.fef9403a3e4d/nixexprs.tar.xz"
      },
      "original": {
        "type": "tarball",
        "url": "https://channels.nixos.org/nixpkgs-unstable/nixexprs.tar.xz"
      }
    },
    "nixpkgs_2": {
      "locked": {
        "lastModified": 1746378225,
        "narHash": "sha256-OeRSuL8PUjIfL3Q0fTbNJD/fmv1R+K2JAOqWJd3Oceg=",
        "owner": "nixos",
        "repo": "nixpkgs",
        "rev": "93e8cdce7afc64297cfec447c311470788131cd9",
        "type": "github"
      },
      "original": {
        "owner": "nixos",
        "repo": "nixpkgs",
        "type": "github"
      }
    },
    "nixpkgs_3": {
      "locked": {
        "lastModified": 1771574726,
        "narHash": "sha256-D1PA3xQv/s4W3lnR9yJFSld8UOLr0a/cBWMQMXS+1Qg=",
        "owner": "NixOS",
        "repo": "nixpkgs",
        "rev": "c217913993d6c6f6805c3b1a3bda5e639adfde6d",
        "type": "github"
      },
      "original": {
        "owner": "NixOS",
        "ref": "nixos-25.11",
        "repo": "nixpkgs",
        "type": "github"
      }
    },
    "nixpkgs_4": {
      "locked": {
        "lastModified": 1770770419,
        "narHash": "sha256-iKZMkr6Cm9JzWlRYW/VPoL0A9jVKtZYiU4zSrVeetIs=",
        "owner": "NixOS",
        "repo": "nixpkgs",
        "rev": "6c5e707c6b5339359a9a9e215c5e66d6d802fd7a",
        "type": "github"
      },
      "original": {
        "owner": "NixOS",
        "ref": "nixos-25.11",
        "repo": "nixpkgs",
        "type": "github"
      }
    },
    "nixpkgs_5": {
      "locked": {
        "lastModified": 1770073757,
        "narHash": "sha256-Vy+G+F+3E/Tl+GMNgiHl9Pah2DgShmIUBJXmbiQPHbI=",
        "owner": "NixOS",
        "repo": "nixpkgs",
        "rev": "47472570b1e607482890801aeaf29bfb749884f6",
        "type": "github"
      },
      "original": {
        "owner": "NixOS",
        "ref": "nixpkgs-unstable",
        "repo": "nixpkgs",
        "type": "github"
      }
    },
    "nu-scripts": {
      "flake": false,
      "locked": {
        "lastModified": 1771532586,
        "narHash": "sha256-5ARyJxBrQsNyosiNcG5RAYAbgHNxZNmJqlS181K8DmE=",
        "owner": "nushell",
        "repo": "nu_scripts",
        "rev": "492cad098a44ebe4cabc28c131729932075cb6dc",
        "type": "github"
      },
      "original": {
        "owner": "nushell",
        "repo": "nu_scripts",
        "type": "github"
      }
    },
    "nvim": {
      "inputs": {
        "codex-nvim": "codex-nvim",
        "copilot-lualine-git": "copilot-lualine-git",
        "flake-utils": [
          "flake-utils"
        ],
        "git-worktree-git": "git-worktree-git",
        "gitlab-nvim": "gitlab-nvim",
        "ledger-formatter": "ledger-formatter",
        "ledger-nvim": "ledger-nvim",
        "lsp-setup-git": "lsp-setup-git",
        "matlab-lsp": "matlab-lsp",
        "nixpkgs": [
          "nixpkgs"
        ],
        "project-nvim": "project-nvim",
        "snacks-git": "snacks-git",
        "tree-sitter-matlab": "tree-sitter-matlab",
        "wbproto-beautifier": "wbproto-beautifier",
        "zls": "zls"
      },
      "locked": {
        "lastModified": 1771181886,
        "narHash": "sha256-wg5MP5kLCNIWeEr0h7VwZ76Q2Pa1c2T9oNlhej598qw=",
        "owner": "acristoffers",
        "repo": "nvim-flake",
        "rev": "994fa616f38beb2e795bf2c00bb409cf93e73e5a",
        "type": "github"
      },
      "original": {
        "owner": "acristoffers",
        "repo": "nvim-flake",
        "type": "github"
      }
    },
    "project-nvim": {
      "flake": false,
      "locked": {
        "lastModified": 1757465854,
        "narHash": "sha256-5XgVvpYQv9e4ZEu1gD6hJlzjOEswYF53yM2a/Y4+tzc=",
        "owner": "acristoffers",
        "repo": "project.nvim",
        "rev": "dc4999fa208011950f47a5cb39a477ab91302db9",
        "type": "github"
      },
      "original": {
        "owner": "acristoffers",
        "repo": "project.nvim",
        "type": "github"
      }
    },
    "quickshell": {
      "inputs": {
        "nixpkgs": [
          "dms",
          "nixpkgs"
        ]
      },
      "locked": {
        "lastModified": 1766725085,
        "narHash": "sha256-O2aMFdDUYJazFrlwL7aSIHbUSEm3ADVZjmf41uBJfHs=",
        "ref": "refs/heads/master",
        "rev": "41828c4180fb921df7992a5405f5ff05d2ac2fff",
        "revCount": 715,
        "type": "git",
        "url": "https://git.outfoxxed.me/quickshell/quickshell"
      },
      "original": {
        "rev": "41828c4180fb921df7992a5405f5ff05d2ac2fff",
        "type": "git",
        "url": "https://git.outfoxxed.me/quickshell/quickshell"
      }
    },
    "remove-trash": {
      "inputs": {
        "flake-utils": [
          "flake-utils"
        ],
        "gitignore": "gitignore_4",
        "nixpkgs": [
          "nixpkgs"
        ]
      },
      "locked": {
        "lastModified": 1748248375,
        "narHash": "sha256-EJzlrCdscgW0mRX/BSSL6/AL2dbiRZQ5fel+n7lUZRE=",
        "owner": "acristoffers",
        "repo": "remove-trash",
        "rev": "41592b96aefb4a8decd6ed109a5d88ed4ea74cd8",
        "type": "github"
      },
      "original": {
        "owner": "acristoffers",
        "repo": "remove-trash",
        "type": "github"
      }
    },
    "root": {
      "inputs": {
        "bib-converter": "bib-converter",
        "cgen": "cgen",
        "dbkp": "dbkp",
        "dms": "dms",
        "dms-emoji-launcher": "dms-emoji-launcher",
        "dms-grimblast": "dms-grimblast",
        "dms-plugins": "dms-plugins",
        "dms-world-clock": "dms-world-clock",
        "flake-utils": "flake-utils",
        "ghostty": "ghostty",
        "home-manager": "home-manager_2",
        "hyprland-guiutils": "hyprland-guiutils",
        "nixgl": "nixgl",
        "nixpkgs": "nixpkgs_3",
        "nu-scripts": "nu-scripts",
        "nvim": "nvim",
        "remove-trash": "remove-trash",
        "tmux-tui": "tmux-tui",
        "void": "void",
        "wbproto-formatter": "wbproto-formatter"
      }
    },
    "snacks-git": {
      "flake": false,
      "locked": {
        "lastModified": 1763464072,
        "narHash": "sha256-vRedYg29QGPGW0hOX9qbRSIImh1d/SoDZHImDF2oqKM=",
        "owner": "folke",
        "repo": "snacks.nvim",
        "rev": "fe7cfe9800a182274d0f868a74b7263b8c0c020b",
        "type": "github"
      },
      "original": {
        "owner": "folke",
        "repo": "snacks.nvim",
        "type": "github"
      }
    },
    "systems": {
      "locked": {
        "lastModified": 1681028828,
        "narHash": "sha256-Vy1rq5AaRuLzOxct8nz4T6wlgyUR7zLU309k9mBC768=",
        "owner": "nix-systems",
        "repo": "default",
        "rev": "da67096a3b9bf56a91d16901293e51ba5b49a27e",
        "type": "github"
      },
      "original": {
        "owner": "nix-systems",
        "repo": "default",
        "type": "github"
      }
    },
    "systems_2": {
      "locked": {
        "lastModified": 1681028828,
        "narHash": "sha256-Vy1rq5AaRuLzOxct8nz4T6wlgyUR7zLU309k9mBC768=",
        "owner": "nix-systems",
        "repo": "default",
        "rev": "da67096a3b9bf56a91d16901293e51ba5b49a27e",
        "type": "github"
      },
      "original": {
        "owner": "nix-systems",
        "repo": "default",
        "type": "github"
      }
    },
    "systems_3": {
      "locked": {
        "lastModified": 1689347949,
        "narHash": "sha256-12tWmuL2zgBgZkdoB6qXZsgJEH9LR3oUgpaQq2RbI80=",
        "owner": "nix-systems",
        "repo": "default-linux",
        "rev": "31732fcf5e8fea42e59c2488ad31a0e651500f68",
        "type": "github"
      },
      "original": {
        "owner": "nix-systems",
        "repo": "default-linux",
        "type": "github"
      }
    },
    "systems_4": {
      "locked": {
        "lastModified": 1681028828,
        "narHash": "sha256-Vy1rq5AaRuLzOxct8nz4T6wlgyUR7zLU309k9mBC768=",
        "owner": "nix-systems",
        "repo": "default",
        "rev": "da67096a3b9bf56a91d16901293e51ba5b49a27e",
        "type": "github"
      },
      "original": {
        "owner": "nix-systems",
        "repo": "default",
        "type": "github"
      }
    },
    "systems_5": {
      "locked": {
        "lastModified": 1681028828,
        "narHash": "sha256-Vy1rq5AaRuLzOxct8nz4T6wlgyUR7zLU309k9mBC768=",
        "owner": "nix-systems",
        "repo": "default",
        "rev": "da67096a3b9bf56a91d16901293e51ba5b49a27e",
        "type": "github"
      },
      "original": {
        "owner": "nix-systems",
        "repo": "default",
        "type": "github"
      }
    },
    "systems_6": {
      "locked": {
        "lastModified": 1681028828,
        "narHash": "sha256-Vy1rq5AaRuLzOxct8nz4T6wlgyUR7zLU309k9mBC768=",
        "owner": "nix-systems",
        "repo": "default",
        "rev": "da67096a3b9bf56a91d16901293e51ba5b49a27e",
        "type": "github"
      },
      "original": {
        "owner": "nix-systems",
        "repo": "default",
        "type": "github"
      }
    },
    "systems_7": {
      "locked": {
        "lastModified": 1681028828,
        "narHash": "sha256-Vy1rq5AaRuLzOxct8nz4T6wlgyUR7zLU309k9mBC768=",
        "owner": "nix-systems",
        "repo": "default",
        "rev": "da67096a3b9bf56a91d16901293e51ba5b49a27e",
        "type": "github"
      },
      "original": {
        "owner": "nix-systems",
        "repo": "default",
        "type": "github"
      }
    },
    "tmux-tui": {
      "inputs": {
        "flake-utils": [
          "flake-utils"
        ],
        "gitignore": "gitignore_5",
        "nixpkgs": [
          "nixpkgs"
        ]
      },
      "locked": {
        "lastModified": 1770707418,
        "narHash": "sha256-VV+o/w3sKNN0jFZ+KsCl9aI//311DWWG8sc4wqopKZQ=",
        "owner": "acristoffers",
        "repo": "tmux-tui",
        "rev": "94f11f8dbbce17508085166c13272a441f0e056a",
        "type": "github"
      },
      "original": {
        "owner": "acristoffers",
        "repo": "tmux-tui",
        "type": "github"
      }
    },
    "tree-sitter-biber": {
      "flake": false,
      "locked": {
        "lastModified": 1710684061,
        "narHash": "sha256-cLpkDSWOnClBEEgAOO7+L1aEV2Dx8CyuIpwJ9Ub/wq0=",
        "owner": "acristoffers",
        "repo": "tree-sitter-biber",
        "rev": "ce2c38b5b2e275361f79b9815cb24a91e9f9b6ed",
        "type": "github"
      },
      "original": {
        "owner": "acristoffers",
        "repo": "tree-sitter-biber",
        "type": "github"
      }
    },
    "tree-sitter-matlab": {
      "flake": false,
      "locked": {
        "lastModified": 1770192063,
        "narHash": "sha256-gDecX1QrM6VhR/bIcHMtm7qBcmKq9KPu1OPbo0zCO1A=",
        "owner": "acristoffers",
        "repo": "tree-sitter-matlab",
        "rev": "574dde565caddf8cf44eec7df3cb89eb96053ed7",
        "type": "github"
      },
      "original": {
        "owner": "acristoffers",
        "repo": "tree-sitter-matlab",
        "type": "github"
      }
    },
    "void": {
      "inputs": {
        "flake-utils": [
          "flake-utils"
        ],
        "gitignore": "gitignore_6",
        "nixpkgs": [
          "nixpkgs"
        ]
      },
      "locked": {
        "lastModified": 1743426816,
        "narHash": "sha256-Y5vCLJ6/FdLV9zVcC/9wCNMEyogr5g6KKKrZRt1pbJA=",
        "owner": "acristoffers",
        "repo": "void-rs",
        "rev": "e2e07293e9e1bfee6ea20f71ae69d147b55268ef",
        "type": "github"
      },
      "original": {
        "owner": "acristoffers",
        "repo": "void-rs",
        "type": "github"
      }
    },
    "wbproto-beautifier": {
      "inputs": {
        "flake-utils": [
          "nvim",
          "flake-utils"
        ],
        "nixpkgs": [
          "nvim",
          "nixpkgs"
        ]
      },
      "locked": {
        "lastModified": 1727006011,
        "narHash": "sha256-E558f/0Okkt/Er/n2PWYvpPbIrwCN8e9VycHNzBR/eI=",
        "owner": "acristoffers",
        "repo": "wbproto-beautifier",
        "rev": "6b92dd7eac725238292eb8b8059b519d1eb0bb95",
        "type": "github"
      },
      "original": {
        "owner": "acristoffers",
        "repo": "wbproto-beautifier",
        "type": "github"
      }
    },
    "wbproto-formatter": {
      "inputs": {
        "flake-utils": [
          "flake-utils"
        ],
        "nixpkgs": [
          "nixpkgs"
        ]
      },
      "locked": {
        "lastModified": 1727006011,
        "narHash": "sha256-E558f/0Okkt/Er/n2PWYvpPbIrwCN8e9VycHNzBR/eI=",
        "owner": "acristoffers",
        "repo": "wbproto-beautifier",
        "rev": "6b92dd7eac725238292eb8b8059b519d1eb0bb95",
        "type": "github"
      },
      "original": {
        "owner": "acristoffers",
        "repo": "wbproto-beautifier",
        "type": "github"
      }
    },
    "zig": {
      "inputs": {
        "flake-compat": [
          "ghostty",
          "flake-compat"
        ],
        "flake-utils": [
          "ghostty",
          "flake-utils"
        ],
        "nixpkgs": [
          "ghostty",
          "nixpkgs"
        ]
      },
      "locked": {
        "lastModified": 1763295135,
        "narHash": "sha256-sGv/NHCmEnJivguGwB5w8LRmVqr1P72OjS+NzcJsssE=",
        "owner": "mitchellh",
        "repo": "zig-overlay",
        "rev": "64f8b42cfc615b2cf99144adf2b7728c7847c72a",
        "type": "github"
      },
      "original": {
        "owner": "mitchellh",
        "repo": "zig-overlay",
        "type": "github"
      }
    },
    "zig-overlay": {
      "inputs": {
        "flake-compat": "flake-compat_2",
        "flake-utils": "flake-utils_6",
        "nixpkgs": [
          "nvim",
          "zls",
          "nixpkgs"
        ]
      },
      "locked": {
        "lastModified": 1770598090,
        "narHash": "sha256-k+82IDgTd9o5sxHIqGlvfwseKln3Ejx1edGtDltuPXo=",
        "owner": "mitchellh",
        "repo": "zig-overlay",
        "rev": "142495696982c88edddc8e17e4da90d8164acadf",
        "type": "github"
      },
      "original": {
        "owner": "mitchellh",
        "repo": "zig-overlay",
        "type": "github"
      }
    },
    "zls": {
      "inputs": {
        "nixpkgs": [
          "nvim",
          "nixpkgs"
        ],
        "zig-overlay": "zig-overlay"
      },
      "locked": {
        "lastModified": 1770898894,
        "narHash": "sha256-9SrrOnyEOPoMxoB9jgi4CBokCLda3nSBBbJ3wAqOmrg=",
        "owner": "acristoffers",
        "repo": "zls",
        "rev": "0e289f5c4df4ee91fb888414c1b8a4b096e3cdb8",
        "type": "github"
      },
      "original": {
        "owner": "acristoffers",
        "repo": "zls",
        "type": "github"
      }
    },
    "zon2nix": {
      "inputs": {
        "nixpkgs": [
          "ghostty",
          "nixpkgs"
        ]
      },
      "locked": {
        "lastModified": 1768231828,
        "narHash": "sha256-wL/8Iij4T2OLkhHcc4NieOjf7YeJffaUYbCiCqKv/+0=",
        "owner": "jcollie",
        "repo": "zon2nix",
        "rev": "c28e93f3ba133d4c1b1d65224e2eebede61fd071",
        "type": "github"
      },
      "original": {
        "owner": "jcollie",
        "repo": "zon2nix",
        "rev": "c28e93f3ba133d4c1b1d65224e2eebede61fd071",
        "type": "github"
      }
    }
  },
  "root": "root",
  "version": 7
}
