{
  "nodes": {
    "ahio": {
      "inputs": {
        "flake-utils": [
          "moirai",
          "flake-utils"
        ],
        "nixpkgs": [
          "moirai",
          "nixpkgs"
        ]
      },
      "locked": {
        "lastModified": 1705390467,
        "narHash": "sha256-Qu/l/2FF6Ull/ch24I8CBikutVNdEiw9T1wOnW1gJCY=",
        "owner": "acristoffers",
        "repo": "ahio",
        "rev": "b4699b8a46b17f5b100ff3a9e60e0918d8b40539",
        "type": "github"
      },
      "original": {
        "owner": "acristoffers",
        "repo": "ahio",
        "type": "github"
      }
    },
    "darwin": {
      "inputs": {
        "nixpkgs": [
          "nixpkgs"
        ]
      },
      "locked": {
        "lastModified": 1708231718,
        "narHash": "sha256-IZdieFWvhBkxoOFMDejqLUYqD94WN6k0YSpw0DFy+4g=",
        "owner": "lnl7",
        "repo": "nix-darwin",
        "rev": "0e6857fa1d632637488666c08e7b02c08e3178f8",
        "type": "github"
      },
      "original": {
        "owner": "lnl7",
        "repo": "nix-darwin",
        "type": "github"
      }
    },
    "dbkp": {
      "inputs": {
        "flake-utils": [
          "flake-utils"
        ],
        "gitignore": "gitignore",
        "nixpkgs": [
          "nixpkgs"
        ]
      },
      "locked": {
        "lastModified": 1708254012,
        "narHash": "sha256-RNI4vVcTQibTdH2DMBAv/KqmbpdZQi8EHsmeVs9OOdw=",
        "owner": "acristoffers",
        "repo": "dbkp",
        "rev": "b74d06b8d57908d1577df727d588470cdea54070",
        "type": "github"
      },
      "original": {
        "owner": "acristoffers",
        "repo": "dbkp",
        "type": "github"
      }
    },
    "flake-compat": {
      "flake": false,
      "locked": {
        "lastModified": 1696426674,
        "narHash": "sha256-kvjfFW7WAETZlt09AgDn1MrtKzP7t90Vf7vypd3OL1U=",
        "owner": "edolstra",
        "repo": "flake-compat",
        "rev": "0f9255e01c2351cc7d116c072cb317785dd33b33",
        "type": "github"
      },
      "original": {
        "owner": "edolstra",
        "repo": "flake-compat",
        "type": "github"
      }
    },
    "flake-compat_2": {
      "flake": false,
      "locked": {
        "lastModified": 1673956053,
        "narHash": "sha256-4gtG9iQuiKITOjNQQeQIpoIB6b16fm+504Ch3sNKLd8=",
        "owner": "edolstra",
        "repo": "flake-compat",
        "rev": "35bb57c0c8d8b62bbfd284272c928ceb64ddbde9",
        "type": "github"
      },
      "original": {
        "owner": "edolstra",
        "repo": "flake-compat",
        "type": "github"
      }
    },
    "flake-utils": {
      "inputs": {
        "systems": "systems"
      },
      "locked": {
        "lastModified": 1705309234,
        "narHash": "sha256-uNRRNRKmJyCRC/8y1RqBkqWBLM034y4qN7EprSdmgyA=",
        "owner": "numtide",
        "repo": "flake-utils",
        "rev": "1ef2e671c3b0c19053962c07dbda38332dcebf26",
        "type": "github"
      },
      "original": {
        "owner": "numtide",
        "repo": "flake-utils",
        "type": "github"
      }
    },
    "flake-utils_2": {
      "locked": {
        "lastModified": 1659877975,
        "narHash": "sha256-zllb8aq3YO3h8B/U0/J1WBgAL8EX5yWf5pMj3G0NAmc=",
        "owner": "numtide",
        "repo": "flake-utils",
        "rev": "c0e246b9b83f637f4681389ecabcb2681b4f3af0",
        "type": "github"
      },
      "original": {
        "owner": "numtide",
        "repo": "flake-utils",
        "type": "github"
      }
    },
    "gitignore": {
      "inputs": {
        "nixpkgs": [
          "dbkp",
          "nixpkgs"
        ]
      },
      "locked": {
        "lastModified": 1703887061,
        "narHash": "sha256-gGPa9qWNc6eCXT/+Z5/zMkyYOuRZqeFZBDbopNZQkuY=",
        "owner": "hercules-ci",
        "repo": "gitignore.nix",
        "rev": "43e1aa1308018f37118e34d3a9cb4f5e75dc11d5",
        "type": "github"
      },
      "original": {
        "owner": "hercules-ci",
        "repo": "gitignore.nix",
        "type": "github"
      }
    },
    "gitignore_2": {
      "inputs": {
        "nixpkgs": [
          "nvim",
          "zls",
          "nixpkgs"
        ]
      },
      "locked": {
        "lastModified": 1703887061,
        "narHash": "sha256-gGPa9qWNc6eCXT/+Z5/zMkyYOuRZqeFZBDbopNZQkuY=",
        "owner": "hercules-ci",
        "repo": "gitignore.nix",
        "rev": "43e1aa1308018f37118e34d3a9cb4f5e75dc11d5",
        "type": "github"
      },
      "original": {
        "owner": "hercules-ci",
        "repo": "gitignore.nix",
        "type": "github"
      }
    },
    "gitignore_3": {
      "inputs": {
        "nixpkgs": [
          "remove-trash",
          "nixpkgs"
        ]
      },
      "locked": {
        "lastModified": 1703887061,
        "narHash": "sha256-gGPa9qWNc6eCXT/+Z5/zMkyYOuRZqeFZBDbopNZQkuY=",
        "owner": "hercules-ci",
        "repo": "gitignore.nix",
        "rev": "43e1aa1308018f37118e34d3a9cb4f5e75dc11d5",
        "type": "github"
      },
      "original": {
        "owner": "hercules-ci",
        "repo": "gitignore.nix",
        "type": "github"
      }
    },
    "home-manager": {
      "inputs": {
        "nixpkgs": [
          "nixpkgs"
        ]
      },
      "locked": {
        "lastModified": 1708031129,
        "narHash": "sha256-EH20hJfNnc1/ODdDVat9B7aKm0B95L3YtkIRwKLvQG8=",
        "owner": "nix-community",
        "repo": "home-manager",
        "rev": "3d6791b3897b526c82920a2ab5f61d71985b3cf8",
        "type": "github"
      },
      "original": {
        "owner": "nix-community",
        "ref": "master",
        "repo": "home-manager",
        "type": "github"
      }
    },
    "langref": {
      "flake": false,
      "locked": {
        "narHash": "sha256-mYdDCBdNEIeMbavdhSo8qXqW+3fqPC8BAich7W3umrI=",
        "type": "file",
        "url": "https://raw.githubusercontent.com/ziglang/zig/63bd2bff12992aef0ce23ae4b344e9cb5d65f05d/doc/langref.html.in"
      },
      "original": {
        "type": "file",
        "url": "https://raw.githubusercontent.com/ziglang/zig/63bd2bff12992aef0ce23ae4b344e9cb5d65f05d/doc/langref.html.in"
      }
    },
    "lsp-setup-git": {
      "flake": false,
      "locked": {
        "lastModified": 1703463600,
        "narHash": "sha256-VMik9BJXHhs2RMUCbkbY1dszTr5Ak+y4Uo4V3oQRoy0=",
        "owner": "junnplus",
        "repo": "lsp-setup.nvim",
        "rev": "22ba14fb5c4208fd93f616d7b99bb47656e6e144",
        "type": "github"
      },
      "original": {
        "owner": "junnplus",
        "repo": "lsp-setup.nvim",
        "type": "github"
      }
    },
    "matlab-lsp": {
      "inputs": {
        "flake-utils": [
          "nvim",
          "flake-utils"
        ],
        "naersk": "naersk",
        "nixpkgs": [
          "nvim",
          "nixpkgs"
        ]
      },
      "locked": {
        "lastModified": 1705914775,
        "narHash": "sha256-8rrDrEsq4/oyVO0GfucNb0QXYoBTBALgYYbUuVm5cLU=",
        "owner": "acristoffers",
        "repo": "matlab-lsp",
        "rev": "b7f883212ed126b4613ef209f2ab289a62663270",
        "type": "github"
      },
      "original": {
        "owner": "acristoffers",
        "repo": "matlab-lsp",
        "type": "github"
      }
    },
    "moirai": {
      "inputs": {
        "ahio": "ahio",
        "flake-utils": [
          "flake-utils"
        ],
        "nixpkgs": "nixpkgs"
      },
      "locked": {
        "lastModified": 1705392396,
        "narHash": "sha256-IB8wxL1UsqsWevbCatfzjDMiLzhRGGnE98RBzCSQM6w=",
        "owner": "acristoffers",
        "repo": "moirai",
        "rev": "8ba81728558800ad45b648947cc641e802084599",
        "type": "github"
      },
      "original": {
        "owner": "acristoffers",
        "repo": "moirai",
        "type": "github"
      }
    },
    "naersk": {
      "inputs": {
        "nixpkgs": "nixpkgs_3"
      },
      "locked": {
        "lastModified": 1698420672,
        "narHash": "sha256-/TdeHMPRjjdJub7p7+w55vyABrsJlt5QkznPYy55vKA=",
        "owner": "nix-community",
        "repo": "naersk",
        "rev": "aeb58d5e8faead8980a807c840232697982d47b9",
        "type": "github"
      },
      "original": {
        "owner": "nix-community",
        "repo": "naersk",
        "type": "github"
      }
    },
    "naersk_2": {
      "inputs": {
        "nixpkgs": "nixpkgs_4"
      },
      "locked": {
        "lastModified": 1698420672,
        "narHash": "sha256-/TdeHMPRjjdJub7p7+w55vyABrsJlt5QkznPYy55vKA=",
        "owner": "nix-community",
        "repo": "naersk",
        "rev": "aeb58d5e8faead8980a807c840232697982d47b9",
        "type": "github"
      },
      "original": {
        "owner": "nix-community",
        "repo": "naersk",
        "type": "github"
      }
    },
    "nix-matlab": {
      "inputs": {
        "flake-compat": "flake-compat",
        "nixpkgs": [
          "nixpkgs"
        ]
      },
      "locked": {
        "lastModified": 1708182108,
        "narHash": "sha256-94gqIoLp5SOx1trhWVPbEmmCa09IBw8//wB7GgTEwC0=",
        "owner": "doronbehar",
        "repo": "nix-matlab",
        "rev": "809421d6fb3e35a26e199cebf8773adefb9631d5",
        "type": "gitlab"
      },
      "original": {
        "owner": "doronbehar",
        "repo": "nix-matlab",
        "type": "gitlab"
      }
    },
    "nixpkgs": {
      "locked": {
        "lastModified": 1705133751,
        "narHash": "sha256-rCIsyE80jgiOU78gCWN3A0wE0tR2GI5nH6MlS+HaaSQ=",
        "owner": "NixOS",
        "repo": "nixpkgs",
        "rev": "9b19f5e77dd906cb52dade0b7bd280339d2a1f3d",
        "type": "github"
      },
      "original": {
        "owner": "NixOS",
        "ref": "nixos-unstable",
        "repo": "nixpkgs",
        "type": "github"
      }
    },
    "nixpkgs_2": {
      "locked": {
        "lastModified": 1708118438,
        "narHash": "sha256-kk9/0nuVgA220FcqH/D2xaN6uGyHp/zoxPNUmPCMmEE=",
        "owner": "NixOS",
        "repo": "nixpkgs",
        "rev": "5863c27340ba4de8f83e7e3c023b9599c3cb3c80",
        "type": "github"
      },
      "original": {
        "owner": "NixOS",
        "ref": "nixos-unstable",
        "repo": "nixpkgs",
        "type": "github"
      }
    },
    "nixpkgs_3": {
      "locked": {
        "lastModified": 1705883077,
        "narHash": "sha256-ByzHHX3KxpU1+V0erFy8jpujTufimh6KaS/Iv3AciHk=",
        "owner": "NixOS",
        "repo": "nixpkgs",
        "rev": "5f5210aa20e343b7e35f40c033000db0ef80d7b9",
        "type": "github"
      },
      "original": {
        "id": "nixpkgs",
        "type": "indirect"
      }
    },
    "nixpkgs_4": {
      "locked": {
        "lastModified": 1705883077,
        "narHash": "sha256-ByzHHX3KxpU1+V0erFy8jpujTufimh6KaS/Iv3AciHk=",
        "owner": "NixOS",
        "repo": "nixpkgs",
        "rev": "5f5210aa20e343b7e35f40c033000db0ef80d7b9",
        "type": "github"
      },
      "original": {
        "id": "nixpkgs",
        "type": "indirect"
      }
    },
    "nvim": {
      "inputs": {
        "flake-utils": [
          "flake-utils"
        ],
        "lsp-setup-git": "lsp-setup-git",
        "matlab-lsp": "matlab-lsp",
        "nixpkgs": [
          "nixpkgs"
        ],
        "zls": "zls"
      },
      "locked": {
        "lastModified": 1706859995,
        "narHash": "sha256-1Fiiq1jVWnbhh78xTRhPQBVHx1mP5ijybNX8PqvVyYo=",
        "owner": "acristoffers",
        "repo": "nvim-flake",
        "rev": "f730f81f18dfed3594b3cd6315fad5c98fae4cb8",
        "type": "github"
      },
      "original": {
        "owner": "acristoffers",
        "repo": "nvim-flake",
        "type": "github"
      }
    },
    "remove-trash": {
      "inputs": {
        "flake-utils": [
          "flake-utils"
        ],
        "gitignore": "gitignore_3",
        "nixpkgs": [
          "nixpkgs"
        ]
      },
      "locked": {
        "lastModified": 1706359700,
        "narHash": "sha256-i6/Obpprc/lC57XszZ8owlumF8MFzA+I8eMHDNi3o3Q=",
        "owner": "acristoffers",
        "repo": "remove-trash",
        "rev": "72b929644f578a7bd54b3e6468c1391a8f93a99b",
        "type": "github"
      },
      "original": {
        "owner": "acristoffers",
        "repo": "remove-trash",
        "type": "github"
      }
    },
    "root": {
      "inputs": {
        "darwin": "darwin",
        "dbkp": "dbkp",
        "flake-utils": "flake-utils",
        "home-manager": "home-manager",
        "moirai": "moirai",
        "nix-matlab": "nix-matlab",
        "nixpkgs": "nixpkgs_2",
        "nvim": "nvim",
        "remove-trash": "remove-trash",
        "void": "void",
        "webots": "webots"
      }
    },
    "systems": {
      "locked": {
        "lastModified": 1681028828,
        "narHash": "sha256-Vy1rq5AaRuLzOxct8nz4T6wlgyUR7zLU309k9mBC768=",
        "owner": "nix-systems",
        "repo": "default",
        "rev": "da67096a3b9bf56a91d16901293e51ba5b49a27e",
        "type": "github"
      },
      "original": {
        "owner": "nix-systems",
        "repo": "default",
        "type": "github"
      }
    },
    "void": {
      "inputs": {
        "flake-utils": [
          "flake-utils"
        ],
        "naersk": "naersk_2",
        "nixpkgs": [
          "nixpkgs"
        ]
      },
      "locked": {
        "lastModified": 1705915572,
        "narHash": "sha256-3wrUJMPKwf/nvMfyiQohoZpMYl+x+CDa1RNVI5ZbKlA=",
        "owner": "acristoffers",
        "repo": "void-rs",
        "rev": "aa9d3e35014ff7c21794986199df78372b4576eb",
        "type": "github"
      },
      "original": {
        "owner": "acristoffers",
        "repo": "void-rs",
        "type": "github"
      }
    },
    "webots": {
      "inputs": {
        "flake-utils": [
          "flake-utils"
        ],
        "nixpkgs": [
          "nixpkgs"
        ],
        "webots": "webots_2"
      },
      "locked": {
        "lastModified": 1701464716,
        "narHash": "sha256-IKrxyWl+r6U61D1xYeZJPSQBMARRLA8W6bOGAXtRvOQ=",
        "owner": "acristoffers",
        "repo": "webots-flake",
        "rev": "09029f23595280c0ebfec32ec234119d73d4b20e",
        "type": "github"
      },
      "original": {
        "owner": "acristoffers",
        "repo": "webots-flake",
        "type": "github"
      }
    },
    "webots_2": {
      "flake": false,
      "locked": {
        "lastModified": 1687878853,
        "narHash": "sha256-m97KFWFIjEb9NQfiVklGMTn/8Ix/p3jG4L3fJO2PSCY=",
        "type": "tarball",
        "url": "https://github.com/cyberbotics/webots/releases/download/R2023b/webots-R2023b-x86-64.tar.bz2"
      },
      "original": {
        "type": "tarball",
        "url": "https://github.com/cyberbotics/webots/releases/download/R2023b/webots-R2023b-x86-64.tar.bz2"
      }
    },
    "zig-overlay": {
      "inputs": {
        "flake-compat": "flake-compat_2",
        "flake-utils": "flake-utils_2",
        "nixpkgs": [
          "nvim",
          "zls",
          "nixpkgs"
        ]
      },
      "locked": {
        "lastModified": 1704932604,
        "narHash": "sha256-CJmwApSNie7rKNo2T6JscgwoIbTTTSNr4nb6OvZxj7s=",
        "owner": "mitchellh",
        "repo": "zig-overlay",
        "rev": "9ff9a710a664350f5d3a694824fa2b868b5a22af",
        "type": "github"
      },
      "original": {
        "owner": "mitchellh",
        "repo": "zig-overlay",
        "type": "github"
      }
    },
    "zls": {
      "inputs": {
        "flake-utils": [
          "nvim",
          "flake-utils"
        ],
        "gitignore": "gitignore_2",
        "langref": "langref",
        "nixpkgs": [
          "nvim",
          "nixpkgs"
        ],
        "zig-overlay": "zig-overlay"
      },
      "locked": {
        "lastModified": 1706655377,
        "narHash": "sha256-9QGupZCyJeTw/MpLfs67DfaALjfZm+9VORZUYgB7hcQ=",
        "owner": "acristoffers",
        "repo": "zls",
        "rev": "47373c1a587b6a7c96ad5cb0b06a6471baf311e9",
        "type": "github"
      },
      "original": {
        "owner": "acristoffers",
        "repo": "zls",
        "type": "github"
      }
    }
  },
  "root": "root",
  "version": 7
}
