{
  "nodes": {
    "ahio": {
      "inputs": {
        "flake-utils": [
          "moirai",
          "flake-utils"
        ],
        "nixpkgs": [
          "moirai",
          "nixpkgs"
        ]
      },
      "locked": {
        "lastModified": 1705390467,
        "narHash": "sha256-Qu/l/2FF6Ull/ch24I8CBikutVNdEiw9T1wOnW1gJCY=",
        "owner": "acristoffers",
        "repo": "ahio",
        "rev": "b4699b8a46b17f5b100ff3a9e60e0918d8b40539",
        "type": "github"
      },
      "original": {
        "owner": "acristoffers",
        "repo": "ahio",
        "type": "github"
      }
    },
    "bib-converter": {
      "inputs": {
        "flake-utils": [
          "flake-utils"
        ],
        "gitignore": "gitignore",
        "nixpkgs": [
          "nixpkgs"
        ],
        "tree-sitter-biber": "tree-sitter-biber"
      },
      "locked": {
        "lastModified": 1712610179,
        "narHash": "sha256-jVn3w5iVBfQoHSG0Qz0vX34IuJpXGxvNzB21RiRvKAo=",
        "owner": "acristoffers",
        "repo": "bib-converter",
        "rev": "b66ef318b91bf3f4af5a2a955b1328cd87a58e79",
        "type": "github"
      },
      "original": {
        "owner": "acristoffers",
        "repo": "bib-converter",
        "type": "github"
      }
    },
    "dbkp": {
      "inputs": {
        "flake-utils": [
          "flake-utils"
        ],
        "gitignore": "gitignore_2",
        "nixpkgs": [
          "nixpkgs"
        ]
      },
      "locked": {
        "lastModified": 1720766120,
        "narHash": "sha256-D4f5H04qssofBmcpQ1zZ4SEv5DXpeS6YapBNJn9w5i0=",
        "owner": "acristoffers",
        "repo": "dbkp",
        "rev": "78b093ef848987dbec81a58ba7152242231fb6b3",
        "type": "github"
      },
      "original": {
        "owner": "acristoffers",
        "repo": "dbkp",
        "type": "github"
      }
    },
    "flake-compat": {
      "flake": false,
      "locked": {
        "lastModified": 1696426674,
        "narHash": "sha256-kvjfFW7WAETZlt09AgDn1MrtKzP7t90Vf7vypd3OL1U=",
        "owner": "edolstra",
        "repo": "flake-compat",
        "rev": "0f9255e01c2351cc7d116c072cb317785dd33b33",
        "type": "github"
      },
      "original": {
        "owner": "edolstra",
        "repo": "flake-compat",
        "type": "github"
      }
    },
    "flake-compat_2": {
      "flake": false,
      "locked": {
        "lastModified": 1696426674,
        "narHash": "sha256-kvjfFW7WAETZlt09AgDn1MrtKzP7t90Vf7vypd3OL1U=",
        "owner": "edolstra",
        "repo": "flake-compat",
        "rev": "0f9255e01c2351cc7d116c072cb317785dd33b33",
        "type": "github"
      },
      "original": {
        "owner": "edolstra",
        "repo": "flake-compat",
        "type": "github"
      }
    },
    "flake-utils": {
      "inputs": {
        "systems": "systems"
      },
      "locked": {
        "lastModified": 1710146030,
        "narHash": "sha256-SZ5L6eA7HJ/nmkzGG7/ISclqe6oZdOZTNoesiInkXPQ=",
        "owner": "numtide",
        "repo": "flake-utils",
        "rev": "b1d9ab70662946ef0850d488da1c9019f3a9752a",
        "type": "github"
      },
      "original": {
        "owner": "numtide",
        "repo": "flake-utils",
        "type": "github"
      }
    },
    "flake-utils_2": {
      "inputs": {
        "systems": "systems_2"
      },
      "locked": {
        "lastModified": 1705309234,
        "narHash": "sha256-uNRRNRKmJyCRC/8y1RqBkqWBLM034y4qN7EprSdmgyA=",
        "owner": "numtide",
        "repo": "flake-utils",
        "rev": "1ef2e671c3b0c19053962c07dbda38332dcebf26",
        "type": "github"
      },
      "original": {
        "owner": "numtide",
        "repo": "flake-utils",
        "type": "github"
      }
    },
    "git-worktree-git": {
      "flake": false,
      "locked": {
        "lastModified": 1714420982,
        "narHash": "sha256-CC9+h1i+l9TbE60LABZnwjkHy94VGQ7Hqd5jVHEW+mw=",
        "owner": "awerebea",
        "repo": "git-worktree.nvim",
        "rev": "a3917d0b7ca32e7faeed410cd6b0c572bf6384ac",
        "type": "github"
      },
      "original": {
        "owner": "awerebea",
        "ref": "handle_changes_in_telescope_api",
        "repo": "git-worktree.nvim",
        "type": "github"
      }
    },
    "gitignore": {
      "inputs": {
        "nixpkgs": [
          "bib-converter",
          "nixpkgs"
        ]
      },
      "locked": {
        "lastModified": 1709087332,
        "narHash": "sha256-HG2cCnktfHsKV0s4XW83gU3F57gaTljL9KNSuG6bnQs=",
        "owner": "hercules-ci",
        "repo": "gitignore.nix",
        "rev": "637db329424fd7e46cf4185293b9cc8c88c95394",
        "type": "github"
      },
      "original": {
        "owner": "hercules-ci",
        "repo": "gitignore.nix",
        "type": "github"
      }
    },
    "gitignore_2": {
      "inputs": {
        "nixpkgs": [
          "dbkp",
          "nixpkgs"
        ]
      },
      "locked": {
        "lastModified": 1709087332,
        "narHash": "sha256-HG2cCnktfHsKV0s4XW83gU3F57gaTljL9KNSuG6bnQs=",
        "owner": "hercules-ci",
        "repo": "gitignore.nix",
        "rev": "637db329424fd7e46cf4185293b9cc8c88c95394",
        "type": "github"
      },
      "original": {
        "owner": "hercules-ci",
        "repo": "gitignore.nix",
        "type": "github"
      }
    },
    "gitignore_3": {
      "inputs": {
        "nixpkgs": [
          "nvim",
          "zls",
          "nixpkgs"
        ]
      },
      "locked": {
        "lastModified": 1709087332,
        "narHash": "sha256-HG2cCnktfHsKV0s4XW83gU3F57gaTljL9KNSuG6bnQs=",
        "owner": "hercules-ci",
        "repo": "gitignore.nix",
        "rev": "637db329424fd7e46cf4185293b9cc8c88c95394",
        "type": "github"
      },
      "original": {
        "owner": "hercules-ci",
        "repo": "gitignore.nix",
        "type": "github"
      }
    },
    "gitignore_4": {
      "inputs": {
        "nixpkgs": [
          "remove-trash",
          "nixpkgs"
        ]
      },
      "locked": {
        "lastModified": 1709087332,
        "narHash": "sha256-HG2cCnktfHsKV0s4XW83gU3F57gaTljL9KNSuG6bnQs=",
        "owner": "hercules-ci",
        "repo": "gitignore.nix",
        "rev": "637db329424fd7e46cf4185293b9cc8c88c95394",
        "type": "github"
      },
      "original": {
        "owner": "hercules-ci",
        "repo": "gitignore.nix",
        "type": "github"
      }
    },
    "gitignore_5": {
      "inputs": {
        "nixpkgs": [
          "tmux-tui",
          "nixpkgs"
        ]
      },
      "locked": {
        "lastModified": 1709087332,
        "narHash": "sha256-HG2cCnktfHsKV0s4XW83gU3F57gaTljL9KNSuG6bnQs=",
        "owner": "hercules-ci",
        "repo": "gitignore.nix",
        "rev": "637db329424fd7e46cf4185293b9cc8c88c95394",
        "type": "github"
      },
      "original": {
        "owner": "hercules-ci",
        "repo": "gitignore.nix",
        "type": "github"
      }
    },
    "home-manager": {
      "inputs": {
        "nixpkgs": [
          "nixpkgs"
        ]
      },
      "locked": {
        "lastModified": 1723015306,
        "narHash": "sha256-jQnFEtH20/OsDPpx71ntZzGdRlpXhUENSQCGTjn//NA=",
        "owner": "nix-community",
        "repo": "home-manager",
        "rev": "b3d5ea65d88d67d4ec578ed11d4d2d51e3de525e",
        "type": "github"
      },
      "original": {
        "owner": "nix-community",
        "ref": "master",
        "repo": "home-manager",
        "type": "github"
      }
    },
    "langref": {
      "flake": false,
      "locked": {
        "narHash": "sha256-O6p2tiKD8ZMhSX+DeA/o5hhAvcPkU2J9lFys/r11peY=",
        "type": "file",
        "url": "https://raw.githubusercontent.com/ziglang/zig/0fb2015fd3422fc1df364995f9782dfe7255eccd/doc/langref.html.in"
      },
      "original": {
        "type": "file",
        "url": "https://raw.githubusercontent.com/ziglang/zig/0fb2015fd3422fc1df364995f9782dfe7255eccd/doc/langref.html.in"
      }
    },
    "lsp-setup-git": {
      "flake": false,
      "locked": {
        "lastModified": 1716172393,
        "narHash": "sha256-8E4Fj0SP872y4LQheyqvWuS5Fs9IreRErQwgJSaW5i0=",
        "owner": "junnplus",
        "repo": "lsp-setup.nvim",
        "rev": "6e4e977512ce426d8b52c27f3b6e6aefc73e1452",
        "type": "github"
      },
      "original": {
        "owner": "junnplus",
        "repo": "lsp-setup.nvim",
        "type": "github"
      }
    },
    "matlab-lsp": {
      "inputs": {
        "flake-utils": [
          "nvim",
          "flake-utils"
        ],
        "naersk": "naersk",
        "nixpkgs": [
          "nvim",
          "nixpkgs"
        ]
      },
      "locked": {
        "lastModified": 1718092381,
        "narHash": "sha256-vXVyEv71XNr2LZp0BW4L6WhWPNIs2taEbaQ7QAmzCB4=",
        "owner": "acristoffers",
        "repo": "matlab-lsp",
        "rev": "4a344344cfdd0b18fcc1893035999a18c902c478",
        "type": "github"
      },
      "original": {
        "owner": "acristoffers",
        "repo": "matlab-lsp",
        "type": "github"
      }
    },
    "moirai": {
      "inputs": {
        "ahio": "ahio",
        "flake-utils": [
          "flake-utils"
        ],
        "nixpkgs": "nixpkgs"
      },
      "locked": {
        "lastModified": 1711455354,
        "narHash": "sha256-2GI79PKJ1EBLjkeoWb1DCDqIBSyNgS8ywAlwAklavcg=",
        "owner": "acristoffers",
        "repo": "moirai",
        "rev": "24fcf93cbeb24c5fe88043282f30ceec96f58521",
        "type": "github"
      },
      "original": {
        "owner": "acristoffers",
        "repo": "moirai",
        "type": "github"
      }
    },
    "naersk": {
      "inputs": {
        "nixpkgs": [
          "nvim",
          "matlab-lsp",
          "nixpkgs"
        ]
      },
      "locked": {
        "lastModified": 1717067539,
        "narHash": "sha256-oIs5EF+6VpHJRvvpVWuqCYJMMVW/6h59aYUv9lABLtY=",
        "owner": "nix-community",
        "repo": "naersk",
        "rev": "fa19d8c135e776dc97f4dcca08656a0eeb28d5c0",
        "type": "github"
      },
      "original": {
        "owner": "nix-community",
        "repo": "naersk",
        "type": "github"
      }
    },
    "naersk_2": {
      "inputs": {
        "nixpkgs": [
          "nvim",
          "wbproto-beautifier",
          "nixpkgs"
        ]
      },
      "locked": {
        "lastModified": 1718727675,
        "narHash": "sha256-uFsCwWYI2pUpt0awahSBorDUrUfBhaAiyz+BPTS2MHk=",
        "owner": "nix-community",
        "repo": "naersk",
        "rev": "941ce6dc38762a7cfb90b5add223d584feed299b",
        "type": "github"
      },
      "original": {
        "owner": "nix-community",
        "repo": "naersk",
        "type": "github"
      }
    },
    "naersk_3": {
      "inputs": {
        "nixpkgs": "nixpkgs_3"
      },
      "locked": {
        "lastModified": 1713520724,
        "narHash": "sha256-CO8MmVDmqZX2FovL75pu5BvwhW+Vugc7Q6ze7Hj8heI=",
        "owner": "nix-community",
        "repo": "naersk",
        "rev": "c5037590290c6c7dae2e42e7da1e247e54ed2d49",
        "type": "github"
      },
      "original": {
        "owner": "nix-community",
        "repo": "naersk",
        "type": "github"
      }
    },
    "nix-matlab": {
      "inputs": {
        "flake-compat": "flake-compat",
        "nixpkgs": [
          "nixpkgs"
        ]
      },
      "locked": {
        "lastModified": 1723129307,
        "narHash": "sha256-eEHRlikrCjbD/qvrN64QCP1pNaTNJObUYW1yt6j7Lb8=",
        "owner": "doronbehar",
        "repo": "nix-matlab",
        "rev": "f27e92090eb3fdfee3f30428457ac30ae8017a9a",
        "type": "gitlab"
      },
      "original": {
        "owner": "doronbehar",
        "repo": "nix-matlab",
        "type": "gitlab"
      }
    },
    "nixpkgs": {
      "locked": {
        "lastModified": 1705133751,
        "narHash": "sha256-rCIsyE80jgiOU78gCWN3A0wE0tR2GI5nH6MlS+HaaSQ=",
        "owner": "NixOS",
        "repo": "nixpkgs",
        "rev": "9b19f5e77dd906cb52dade0b7bd280339d2a1f3d",
        "type": "github"
      },
      "original": {
        "owner": "NixOS",
        "ref": "nixos-unstable",
        "repo": "nixpkgs",
        "type": "github"
      }
    },
    "nixpkgs_2": {
      "locked": {
        "lastModified": 1722813957,
        "narHash": "sha256-IAoYyYnED7P8zrBFMnmp7ydaJfwTnwcnqxUElC1I26Y=",
        "owner": "NixOS",
        "repo": "nixpkgs",
        "rev": "cb9a96f23c491c081b38eab96d22fa958043c9fa",
        "type": "github"
      },
      "original": {
        "owner": "NixOS",
        "ref": "nixos-unstable",
        "repo": "nixpkgs",
        "type": "github"
      }
    },
    "nixpkgs_3": {
      "locked": {
        "lastModified": 0,
        "narHash": "sha256-mdTQw2XlariysyScCv2tTE45QSU9v/ezLcHJ22f0Nxc=",
        "path": "/nix/store/801l7gvdz7yaibhjsxqx82sc7zkakjbq-source",
        "type": "path"
      },
      "original": {
        "id": "nixpkgs",
        "type": "indirect"
      }
    },
    "nvim": {
      "inputs": {
        "flake-utils": [
          "flake-utils"
        ],
        "git-worktree-git": "git-worktree-git",
        "lsp-setup-git": "lsp-setup-git",
        "matlab-lsp": "matlab-lsp",
        "nixpkgs": [
          "nixpkgs"
        ],
        "ouroboros-git": "ouroboros-git",
        "wbproto-beautifier": "wbproto-beautifier",
        "zls": "zls"
      },
      "locked": {
        "lastModified": 1722864005,
        "narHash": "sha256-DGCftfVcVzYmkDhS31ZSHLO+q3wVegZvNs9ILxV9B84=",
        "owner": "acristoffers",
        "repo": "nvim-flake",
        "rev": "bf635547b8793b27faec620364c6dd160003e235",
        "type": "github"
      },
      "original": {
        "owner": "acristoffers",
        "repo": "nvim-flake",
        "type": "github"
      }
    },
    "ouroboros-git": {
      "flake": false,
      "locked": {
        "lastModified": 1712889012,
        "narHash": "sha256-cuEGOgqEkoUWX4uNmQvkc2Gpjq00W0WVeuoFIMArFds=",
        "owner": "jakemason",
        "repo": "ouroboros.nvim",
        "rev": "936af28729542298e7d24f4d2df7600c7b2a1efa",
        "type": "github"
      },
      "original": {
        "owner": "jakemason",
        "repo": "ouroboros.nvim",
        "type": "github"
      }
    },
    "remove-trash": {
      "inputs": {
        "flake-utils": [
          "flake-utils"
        ],
        "gitignore": "gitignore_4",
        "nixpkgs": [
          "nixpkgs"
        ]
      },
      "locked": {
        "lastModified": 1722168669,
        "narHash": "sha256-VoRsq3v9wNwaw2xfbjt4LFxzWRVP7YF+5/XAyTKxuDI=",
        "owner": "acristoffers",
        "repo": "remove-trash",
        "rev": "9b7a5a9b82f1cbe319d086c7f9011bb0eb983ff9",
        "type": "github"
      },
      "original": {
        "owner": "acristoffers",
        "repo": "remove-trash",
        "type": "github"
      }
    },
    "root": {
      "inputs": {
        "bib-converter": "bib-converter",
        "dbkp": "dbkp",
        "flake-utils": "flake-utils",
        "home-manager": "home-manager",
        "moirai": "moirai",
        "nix-matlab": "nix-matlab",
        "nixpkgs": "nixpkgs_2",
        "nvim": "nvim",
        "remove-trash": "remove-trash",
        "tmux-tui": "tmux-tui",
        "void": "void",
        "webots": "webots"
      }
    },
    "systems": {
      "locked": {
        "lastModified": 1681028828,
        "narHash": "sha256-Vy1rq5AaRuLzOxct8nz4T6wlgyUR7zLU309k9mBC768=",
        "owner": "nix-systems",
        "repo": "default",
        "rev": "da67096a3b9bf56a91d16901293e51ba5b49a27e",
        "type": "github"
      },
      "original": {
        "owner": "nix-systems",
        "repo": "default",
        "type": "github"
      }
    },
    "systems_2": {
      "locked": {
        "lastModified": 1681028828,
        "narHash": "sha256-Vy1rq5AaRuLzOxct8nz4T6wlgyUR7zLU309k9mBC768=",
        "owner": "nix-systems",
        "repo": "default",
        "rev": "da67096a3b9bf56a91d16901293e51ba5b49a27e",
        "type": "github"
      },
      "original": {
        "owner": "nix-systems",
        "repo": "default",
        "type": "github"
      }
    },
    "tmux-tui": {
      "inputs": {
        "flake-utils": [
          "flake-utils"
        ],
        "gitignore": "gitignore_5",
        "nixpkgs": [
          "nixpkgs"
        ]
      },
      "locked": {
        "lastModified": 1723151595,
        "narHash": "sha256-6aoCpp5nWySkvSqt6dv63AXR4hzGSbROP83Sbcbh2Jk=",
        "owner": "acristoffers",
        "repo": "tmux-tui",
        "rev": "63ebc098c9b85c0f249d6864c689dfa72b66b0ce",
        "type": "github"
      },
      "original": {
        "owner": "acristoffers",
        "repo": "tmux-tui",
        "type": "github"
      }
    },
    "tree-sitter-biber": {
      "flake": false,
      "locked": {
        "lastModified": 1710684061,
        "narHash": "sha256-cLpkDSWOnClBEEgAOO7+L1aEV2Dx8CyuIpwJ9Ub/wq0=",
        "owner": "acristoffers",
        "repo": "tree-sitter-biber",
        "rev": "ce2c38b5b2e275361f79b9815cb24a91e9f9b6ed",
        "type": "github"
      },
      "original": {
        "owner": "acristoffers",
        "repo": "tree-sitter-biber",
        "type": "github"
      }
    },
    "void": {
      "inputs": {
        "flake-utils": [
          "flake-utils"
        ],
        "naersk": "naersk_3",
        "nixpkgs": [
          "nixpkgs"
        ]
      },
      "locked": {
        "lastModified": 1714588576,
        "narHash": "sha256-4PZ0SSVzWC5n6QWfzxJJ0zJWDQ2Lmo0kWssD3LEE6LA=",
        "owner": "acristoffers",
        "repo": "void-rs",
        "rev": "95e2f5262ca0a2cfd0ab995cbe9c69adc88f0421",
        "type": "github"
      },
      "original": {
        "owner": "acristoffers",
        "repo": "void-rs",
        "type": "github"
      }
    },
    "wbproto-beautifier": {
      "inputs": {
        "flake-utils": [
          "nvim",
          "flake-utils"
        ],
        "naersk": "naersk_2",
        "nixpkgs": [
          "nvim",
          "nixpkgs"
        ]
      },
      "locked": {
        "lastModified": 1721728657,
        "narHash": "sha256-t9gBEBM08XYp8ug/dByK3jcrpKV400xWT6hUnEQxcgg=",
        "owner": "acristoffers",
        "repo": "wbproto-beautifier",
        "rev": "4593f8c1d440db6fe931678c8129b2deed355153",
        "type": "github"
      },
      "original": {
        "owner": "acristoffers",
        "repo": "wbproto-beautifier",
        "type": "github"
      }
    },
    "webots": {
      "inputs": {
        "flake-utils": [
          "flake-utils"
        ],
        "nixpkgs": [
          "nixpkgs"
        ],
        "webots": "webots_2"
      },
      "locked": {
        "lastModified": 1720257300,
        "narHash": "sha256-WRt/jhKiyhxwpOPYR8XMo3uX1x+Exs2si4uBHapvz3U=",
        "owner": "acristoffers",
        "repo": "webots-flake",
        "rev": "0de48b3e0211fe591a0f808f8a0dc6e1c11abca3",
        "type": "github"
      },
      "original": {
        "owner": "acristoffers",
        "repo": "webots-flake",
        "type": "github"
      }
    },
    "webots_2": {
      "flake": false,
      "locked": {
        "lastModified": 1687878853,
        "narHash": "sha256-m97KFWFIjEb9NQfiVklGMTn/8Ix/p3jG4L3fJO2PSCY=",
        "type": "tarball",
        "url": "https://github.com/cyberbotics/webots/releases/download/R2023b/webots-R2023b-x86-64.tar.bz2"
      },
      "original": {
        "type": "tarball",
        "url": "https://github.com/cyberbotics/webots/releases/download/R2023b/webots-R2023b-x86-64.tar.bz2"
      }
    },
    "zig-overlay": {
      "inputs": {
        "flake-compat": "flake-compat_2",
        "flake-utils": "flake-utils_2",
        "nixpkgs": [
          "nvim",
          "zls",
          "nixpkgs"
        ]
      },
      "locked": {
        "lastModified": 1722600600,
        "narHash": "sha256-bRpvmyAvt4OFbQJlmAURyW1To8nlRjNcQJdbOyI1MLE=",
        "owner": "mitchellh",
        "repo": "zig-overlay",
        "rev": "4c95bb8378ca31cc06eba0a9ee0c04851221c193",
        "type": "github"
      },
      "original": {
        "owner": "mitchellh",
        "repo": "zig-overlay",
        "type": "github"
      }
    },
    "zls": {
      "inputs": {
        "flake-utils": [
          "nvim",
          "flake-utils"
        ],
        "gitignore": "gitignore_3",
        "langref": "langref",
        "nixpkgs": [
          "nvim",
          "nixpkgs"
        ],
        "zig-overlay": "zig-overlay"
      },
      "locked": {
        "lastModified": 1722703886,
        "narHash": "sha256-WtOixxAwZS1uTD5L66ms9ctA7gUdEIfzbsY1Gj+aV+4=",
        "owner": "acristoffers",
        "repo": "zls",
        "rev": "dfe958e4d1a9ba503cfafd39164f090daea70109",
        "type": "github"
      },
      "original": {
        "owner": "acristoffers",
        "repo": "zls",
        "type": "github"
      }
    }
  },
  "root": "root",
  "version": 7
}
